// !$*UTF8*$!
{
	archiveVersion = 1;
	classes = {
	};
	objectVersion = 50;
	objects = {

/* Begin PBXBuildFile section */
		C8AAA02A27903C6E003A04AE /* putcard.cpp in Sources */ = {isa = PBXBuildFile; fileRef = C8AAA02927903C6E003A04AE /* putcard.cpp */; };
/* End PBXBuildFile section */

/* Begin PBXCopyFilesBuildPhase section */
		CEC67ED72663A062007CB0E3 /* CopyFiles */ = {
			isa = PBXCopyFilesBuildPhase;
			buildActionMask = 2147483647;
			dstPath = /usr/share/man/man1/;
			dstSubfolderSpec = 0;
			files = (
			);
			runOnlyForDeploymentPostprocessing = 1;
		};
/* End PBXCopyFilesBuildPhase section */

/* Begin PBXFileReference section */
		C8AAA023278D250F003A04AE /* fillchess.cpp */ = {isa = PBXFileReference; lastKnownFileType = sourcecode.cpp.cpp; path = fillchess.cpp; sourceTree = "<group>"; };
		C8AAA02627902018003A04AE /* arithmetic_num.cpp */ = {isa = PBXFileReference; lastKnownFileType = sourcecode.cpp.cpp; path = arithmetic_num.cpp; sourceTree = "<group>"; };
		C8AAA02927903C6E003A04AE /* putcard.cpp */ = {isa = PBXFileReference; lastKnownFileType = sourcecode.cpp.cpp; path = putcard.cpp; sourceTree = "<group>"; };
		CE00F6E2266DC2F000609EEA /* sushi.cpp */ = {isa = PBXFileReference; lastKnownFileType = sourcecode.cpp.cpp; path = sushi.cpp; sourceTree = "<group>"; };
		CE00F6E9266E0DE400609EEA /* selectnum.cpp */ = {isa = PBXFileReference; lastKnownFileType = sourcecode.cpp.cpp; path = selectnum.cpp; sourceTree = "<group>"; };
		CE2641EF26647006001E2A7C /* budget.cpp */ = {isa = PBXFileReference; lastKnownFileType = sourcecode.cpp.cpp; path = budget.cpp; sourceTree = "<group>"; };
		CE2641F72664C4E5001E2A7C /* library.cpp */ = {isa = PBXFileReference; lastKnownFileType = sourcecode.cpp.cpp; path = library.cpp; sourceTree = "<group>"; };
		CE2641FD26662687001E2A7C /* lecroom.cpp */ = {isa = PBXFileReference; lastKnownFileType = sourcecode.cpp.cpp; path = lecroom.cpp; sourceTree = "<group>"; };
		CE6CE341268C4CC200955654 /* startlink.cpp */ = {isa = PBXFileReference; lastKnownFileType = sourcecode.cpp.cpp; path = startlink.cpp; sourceTree = "<group>"; };
		CE6CE347268D871F00955654 /* dfsbfs.cpp */ = {isa = PBXFileReference; lastKnownFileType = sourcecode.cpp.cpp; path = dfsbfs.cpp; sourceTree = "<group>"; };
		CE6CE34D268DD20700955654 /* miro.cpp */ = {isa = PBXFileReference; lastKnownFileType = sourcecode.cpp.cpp; path = miro.cpp; sourceTree = "<group>"; };
		CE6CE353268E8B2800955654 /* tomato.cpp */ = {isa = PBXFileReference; lastKnownFileType = sourcecode.cpp.cpp; path = tomato.cpp; sourceTree = "<group>"; };
		CE6CE35A268E9A0A00955654 /* complexnum.cpp */ = {isa = PBXFileReference; lastKnownFileType = sourcecode.cpp.cpp; path = complexnum.cpp; sourceTree = "<group>"; };
		CE7558822663A3BD00496288 /* palidrome2.cpp */ = {isa = PBXFileReference; lastKnownFileType = sourcecode.cpp.cpp; path = palidrome2.cpp; sourceTree = "<group>"; };
		CE7558882663A47000496288 /* twobox.cpp */ = {isa = PBXFileReference; lastKnownFileType = sourcecode.cpp.cpp; path = twobox.cpp; sourceTree = "<group>"; };
		CE75588D2663A48F00496288 /* line.cpp */ = {isa = PBXFileReference; lastKnownFileType = sourcecode.cpp.cpp; path = line.cpp; sourceTree = "<group>"; };
		CE7558922663A4C100496288 /* set.cpp */ = {isa = PBXFileReference; lastKnownFileType = sourcecode.cpp.cpp; path = set.cpp; sourceTree = "<group>"; };
		CE7558982663A4EC00496288 /* unordered_set.cpp */ = {isa = PBXFileReference; lastKnownFileType = sourcecode.cpp.cpp; path = unordered_set.cpp; sourceTree = "<group>"; };
		CE75589B2663A50300496288 /* unordered_set_reserve.cpp */ = {isa = PBXFileReference; lastKnownFileType = sourcecode.cpp.cpp; path = unordered_set_reserve.cpp; sourceTree = "<group>"; };
		CE75589E2663A51800496288 /* vector_bs.cpp */ = {isa = PBXFileReference; lastKnownFileType = sourcecode.cpp.cpp; path = vector_bs.cpp; sourceTree = "<group>"; };
		CE7558A12663A52C00496288 /* array_bs.cpp */ = {isa = PBXFileReference; lastKnownFileType = sourcecode.cpp.cpp; path = array_bs.cpp; sourceTree = "<group>"; };
		CE7558A6266898FC00496288 /* beerfestival.cpp */ = {isa = PBXFileReference; lastKnownFileType = sourcecode.cpp.cpp; path = beerfestival.cpp; sourceTree = "<group>"; };
		CE7558AD2668B24700496288 /* balloonfactory.cpp */ = {isa = PBXFileReference; lastKnownFileType = sourcecode.cpp.cpp; path = balloonfactory.cpp; sourceTree = "<group>"; };
		CE7558B226690BA000496288 /* duparray.cpp */ = {isa = PBXFileReference; lastKnownFileType = sourcecode.cpp.cpp; path = duparray.cpp; sourceTree = "<group>"; };
		CE7558B8266913C300496288 /* numcard.cpp */ = {isa = PBXFileReference; lastKnownFileType = sourcecode.cpp.cpp; path = numcard.cpp; sourceTree = "<group>"; };
		CE78586726B5270200CF0519 /* game.cpp */ = {isa = PBXFileReference; lastKnownFileType = sourcecode.cpp.cpp; path = game.cpp; sourceTree = "<group>"; };
		CE78586A26B53E8300CF0519 /* immigration.cpp */ = {isa = PBXFileReference; lastKnownFileType = sourcecode.cpp.cpp; path = immigration.cpp; sourceTree = "<group>"; };
		CE78586D26B5498000CF0519 /* allowance.cpp */ = {isa = PBXFileReference; lastKnownFileType = sourcecode.cpp.cpp; path = allowance.cpp; sourceTree = "<group>"; };
		CE78587026B58E4E00CF0519 /* microwave.cpp */ = {isa = PBXFileReference; lastKnownFileType = sourcecode.cpp.cpp; path = microwave.cpp; sourceTree = "<group>"; };
		CE78587326B591E300CF0519 /* newemployee.cpp */ = {isa = PBXFileReference; lastKnownFileType = sourcecode.cpp.cpp; path = newemployee.cpp; sourceTree = "<group>"; };
		CE78587626B64D2700CF0519 /* kinship.cpp */ = {isa = PBXFileReference; lastKnownFileType = sourcecode.cpp.cpp; path = kinship.cpp; sourceTree = "<group>"; };
		CE78587926B6606C00CF0519 /* coin1.cpp */ = {isa = PBXFileReference; lastKnownFileType = sourcecode.cpp.cpp; path = coin1.cpp; sourceTree = "<group>"; };
		CE7A9AAB266B8A8700166711 /* jewelbox.cpp */ = {isa = PBXFileReference; lastKnownFileType = sourcecode.cpp.cpp; path = jewelbox.cpp; sourceTree = "<group>"; };
		CE7A9AB826778E7C00166711 /* groupword.cpp */ = {isa = PBXFileReference; lastKnownFileType = sourcecode.cpp.cpp; path = groupword.cpp; sourceTree = "<group>"; };
		CE7A9AC126798FFC00166711 /* dartgame.cpp */ = {isa = PBXFileReference; lastKnownFileType = sourcecode.cpp.cpp; path = dartgame.cpp; sourceTree = "<group>"; };
		CE7A9AD026871E9F00166711 /* stemcell.cpp */ = {isa = PBXFileReference; lastKnownFileType = sourcecode.cpp.cpp; path = stemcell.cpp; sourceTree = "<group>"; };
		CE7E081A26A13D2800F5119D /* nc2.cpp */ = {isa = PBXFileReference; lastKnownFileType = sourcecode.cpp.cpp; path = nc2.cpp; sourceTree = "<group>"; };
		CE7E081D26A13FDE00F5119D /* printerqueue.cpp */ = {isa = PBXFileReference; lastKnownFileType = sourcecode.cpp.cpp; path = printerqueue.cpp; sourceTree = "<group>"; };
		CE7E082026A1437500F5119D /* makeone.cpp */ = {isa = PBXFileReference; lastKnownFileType = sourcecode.cpp.cpp; path = makeone.cpp; sourceTree = "<group>"; };
		CE7E082326A1518A00F5119D /* easystair.cpp */ = {isa = PBXFileReference; lastKnownFileType = sourcecode.cpp.cpp; path = easystair.cpp; sourceTree = "<group>"; };
		CE7E082626A1573000F5119D /* grapewine.cpp */ = {isa = PBXFileReference; lastKnownFileType = sourcecode.cpp.cpp; path = grapewine.cpp; sourceTree = "<group>"; };
		CE7E082926A1629D00F5119D /* seqsort.cpp */ = {isa = PBXFileReference; lastKnownFileType = sourcecode.cpp.cpp; path = seqsort.cpp; sourceTree = "<group>"; };
		CE82BE94269683D500ED48AA /* pluscycle.cpp */ = {isa = PBXFileReference; lastKnownFileType = sourcecode.cpp.cpp; path = pluscycle.cpp; sourceTree = "<group>"; };
		CE82BE9A2696878300ED48AA /* primenum.cpp */ = {isa = PBXFileReference; lastKnownFileType = sourcecode.cpp.cpp; path = primenum.cpp; sourceTree = "<group>"; };
		CE82BEA1269C82AD00ED48AA /* getarea.cpp */ = {isa = PBXFileReference; lastKnownFileType = sourcecode.cpp.cpp; path = getarea.cpp; sourceTree = "<group>"; };
		CE82BEA826A2882300ED48AA /* findnum.cpp */ = {isa = PBXFileReference; lastKnownFileType = sourcecode.cpp.cpp; path = findnum.cpp; sourceTree = "<group>"; };
		CE9039C326C6553300A36F0A /* connectisland.cpp */ = {isa = PBXFileReference; lastKnownFileType = sourcecode.cpp.cpp; path = connectisland.cpp; sourceTree = "<group>"; };
		CEA1025E26B7D25C00B4E291 /* cantor.cpp */ = {isa = PBXFileReference; lastKnownFileType = sourcecode.cpp.cpp; path = cantor.cpp; sourceTree = "<group>"; };
		CEA5A0B02697DC9200F162D0 /* missingbracket.cpp */ = {isa = PBXFileReference; lastKnownFileType = sourcecode.cpp.cpp; path = missingbracket.cpp; sourceTree = "<group>"; };
		CEA5A0B3269814FC00F162D0 /* printerq.cpp */ = {isa = PBXFileReference; lastKnownFileType = sourcecode.cpp.cpp; path = printerq.cpp; sourceTree = "<group>"; };
		CEA5A0B926996F2E00F162D0 /* findprime.cpp */ = {isa = PBXFileReference; lastKnownFileType = sourcecode.cpp.cpp; path = findprime.cpp; sourceTree = "<group>"; };
		CEA5A0BC26997C6E00F162D0 /* pinarynum.cpp */ = {isa = PBXFileReference; lastKnownFileType = sourcecode.cpp.cpp; path = pinarynum.cpp; sourceTree = "<group>"; };
		CEA5A0C02699877D00F162D0 /* kthnum.cpp */ = {isa = PBXFileReference; lastKnownFileType = sourcecode.cpp.cpp; path = kthnum.cpp; sourceTree = "<group>"; };
		CEA5A0C3269988C700F162D0 /* connectcount.cpp */ = {isa = PBXFileReference; lastKnownFileType = sourcecode.cpp.cpp; path = connectcount.cpp; sourceTree = "<group>"; };
		CEA5A0C6269999E500F162D0 /* changemoney.cpp */ = {isa = PBXFileReference; lastKnownFileType = sourcecode.cpp.cpp; path = changemoney.cpp; sourceTree = "<group>"; };
		CEA5A0CB269AC59300F162D0 /* notlistensee.cpp */ = {isa = PBXFileReference; lastKnownFileType = sourcecode.cpp.cpp; path = notlistensee.cpp; sourceTree = "<group>"; };
		CEA5A0CE269AD21100F162D0 /* 123plus5.cpp */ = {isa = PBXFileReference; lastKnownFileType = sourcecode.cpp.cpp; path = 123plus5.cpp; sourceTree = "<group>"; };
		CEA5A0D1269AD70300F162D0 /* jumpjump.cpp */ = {isa = PBXFileReference; lastKnownFileType = sourcecode.cpp.cpp; path = jumpjump.cpp; sourceTree = "<group>"; };
		CEA5A0D4269ADBA600F162D0 /* fullmarathoner.cpp */ = {isa = PBXFileReference; lastKnownFileType = sourcecode.cpp.cpp; path = fullmarathoner.cpp; sourceTree = "<group>"; };
		CEA5A0D7269AE41D00F162D0 /* findprime2.cpp */ = {isa = PBXFileReference; lastKnownFileType = sourcecode.cpp.cpp; path = findprime2.cpp; sourceTree = "<group>"; };
		CEA5A0DA269AE80F00F162D0 /* f7.cpp */ = {isa = PBXFileReference; lastKnownFileType = sourcecode.cpp.cpp; path = f7.cpp; sourceTree = "<group>"; };
		CEA5A0DE269C0F6E00F162D0 /* islandcount.cpp */ = {isa = PBXFileReference; lastKnownFileType = sourcecode.cpp.cpp; path = islandcount.cpp; sourceTree = "<group>"; };
		CEA5A0E1269C160C00F162D0 /* tomato2.cpp */ = {isa = PBXFileReference; lastKnownFileType = sourcecode.cpp.cpp; path = tomato2.cpp; sourceTree = "<group>"; };
		CEA5A0E4269D278400F162D0 /* treasureisland.cpp */ = {isa = PBXFileReference; lastKnownFileType = sourcecode.cpp.cpp; path = treasureisland.cpp; sourceTree = "<group>"; };
		CEA5A0E7269D932900F162D0 /* knightmove.cpp */ = {isa = PBXFileReference; lastKnownFileType = sourcecode.cpp.cpp; path = knightmove.cpp; sourceTree = "<group>"; };
		CEC67ED92663A062007CB0E3 /* algorithm */ = {isa = PBXFileReference; explicitFileType = "compiled.mach-o.executable"; includeInIndex = 0; path = algorithm; sourceTree = BUILT_PRODUCTS_DIR; };
		CEC680002663A15A007CB0E3 /* virus.cpp */ = {isa = PBXFileReference; fileEncoding = 4; lastKnownFileType = sourcecode.cpp.cpp; path = virus.cpp; sourceTree = "<group>"; };
		CEC680022663A15A007CB0E3 /* maxdiff_ws.cpp */ = {isa = PBXFileReference; fileEncoding = 4; lastKnownFileType = sourcecode.cpp.cpp; path = maxdiff_ws.cpp; sourceTree = "<group>"; };
		CEC680032663A15A007CB0E3 /* maxdiff.cpp */ = {isa = PBXFileReference; fileEncoding = 4; lastKnownFileType = sourcecode.cpp.cpp; path = maxdiff.cpp; sourceTree = "<group>"; };
		CEC680042663A15A007CB0E3 /* maxdiff_test.cpp */ = {isa = PBXFileReference; fileEncoding = 4; lastKnownFileType = sourcecode.cpp.cpp; path = maxdiff_test.cpp; sourceTree = "<group>"; };
		CEC680062663A15A007CB0E3 /* ct1.cpp */ = {isa = PBXFileReference; fileEncoding = 4; lastKnownFileType = sourcecode.cpp.cpp; path = ct1.cpp; sourceTree = "<group>"; };
		CEC680082663A15B007CB0E3 /* pq_ws.cpp */ = {isa = PBXFileReference; fileEncoding = 4; lastKnownFileType = sourcecode.cpp.cpp; path = pq_ws.cpp; sourceTree = "<group>"; };
		CEC680092663A15B007CB0E3 /* pq_minheap.cpp */ = {isa = PBXFileReference; fileEncoding = 4; lastKnownFileType = sourcecode.cpp.cpp; path = pq_minheap.cpp; sourceTree = "<group>"; };
		CEC6800B2663A15B007CB0E3 /* stoneBridge.cpp */ = {isa = PBXFileReference; fileEncoding = 4; lastKnownFileType = sourcecode.cpp.cpp; path = stoneBridge.cpp; sourceTree = "<group>"; };
		CEC6800E2663A15B007CB0E3 /* book.cpp */ = {isa = PBXFileReference; fileEncoding = 4; lastKnownFileType = sourcecode.cpp.cpp; path = book.cpp; sourceTree = "<group>"; };
		CEC680102663A15B007CB0E3 /* card2.cpp */ = {isa = PBXFileReference; fileEncoding = 4; lastKnownFileType = sourcecode.cpp.cpp; path = card2.cpp; sourceTree = "<group>"; };
		CEC680122663A15B007CB0E3 /* antenna.cpp */ = {isa = PBXFileReference; fileEncoding = 4; lastKnownFileType = sourcecode.cpp.cpp; path = antenna.cpp; sourceTree = "<group>"; };
		CEC680142663A15B007CB0E3 /* spica.cpp */ = {isa = PBXFileReference; fileEncoding = 4; lastKnownFileType = sourcecode.cpp.cpp; path = spica.cpp; sourceTree = "<group>"; };
		CEC680162663A15B007CB0E3 /* quadtree2.cpp */ = {isa = PBXFileReference; fileEncoding = 4; lastKnownFileType = sourcecode.cpp.cpp; path = quadtree2.cpp; sourceTree = "<group>"; };
		CEC680172663A15B007CB0E3 /* quadtree.cpp */ = {isa = PBXFileReference; fileEncoding = 4; lastKnownFileType = sourcecode.cpp.cpp; path = quadtree.cpp; sourceTree = "<group>"; };
		CEC680192663A15B007CB0E3 /* jlis.cpp */ = {isa = PBXFileReference; fileEncoding = 4; lastKnownFileType = sourcecode.cpp.cpp; path = jlis.cpp; sourceTree = "<group>"; };
		CEC6801B2663A15B007CB0E3 /* submarine.cpp */ = {isa = PBXFileReference; fileEncoding = 4; lastKnownFileType = sourcecode.cpp.cpp; path = submarine.cpp; sourceTree = "<group>"; };
		CEC6801D2663A15B007CB0E3 /* wine_ws.cpp */ = {isa = PBXFileReference; fileEncoding = 4; lastKnownFileType = sourcecode.cpp.cpp; path = wine_ws.cpp; sourceTree = "<group>"; };
		CEC6801E2663A15B007CB0E3 /* wine_comp.cpp */ = {isa = PBXFileReference; fileEncoding = 4; lastKnownFileType = sourcecode.cpp.cpp; path = wine_comp.cpp; sourceTree = "<group>"; };
		CEC6801F2663A15B007CB0E3 /* wine.cpp */ = {isa = PBXFileReference; fileEncoding = 4; lastKnownFileType = sourcecode.cpp.cpp; path = wine.cpp; sourceTree = "<group>"; };
		CEC680212663A15B007CB0E3 /* rich2.cpp */ = {isa = PBXFileReference; fileEncoding = 4; lastKnownFileType = sourcecode.cpp.cpp; path = rich2.cpp; sourceTree = "<group>"; };
		CEC680232663A15B007CB0E3 /* busroute.cpp */ = {isa = PBXFileReference; fileEncoding = 4; lastKnownFileType = sourcecode.cpp.cpp; path = busroute.cpp; sourceTree = "<group>"; };
		CEC680252663A15B007CB0E3 /* filloil.cpp */ = {isa = PBXFileReference; fileEncoding = 4; lastKnownFileType = sourcecode.cpp.cpp; path = filloil.cpp; sourceTree = "<group>"; };
		CEC680262663A15B007CB0E3 /* filloil_ref.cpp */ = {isa = PBXFileReference; fileEncoding = 4; lastKnownFileType = sourcecode.cpp.cpp; path = filloil_ref.cpp; sourceTree = "<group>"; };
		CEC680282663A15B007CB0E3 /* change.cpp */ = {isa = PBXFileReference; fileEncoding = 4; lastKnownFileType = sourcecode.cpp.cpp; path = change.cpp; sourceTree = "<group>"; };
		CEC6802A2663A15B007CB0E3 /* moogame.cpp */ = {isa = PBXFileReference; fileEncoding = 4; lastKnownFileType = sourcecode.cpp.cpp; path = moogame.cpp; sourceTree = "<group>"; };
		CEC6802C2663A15C007CB0E3 /* kmp.cpp */ = {isa = PBXFileReference; fileEncoding = 4; lastKnownFileType = sourcecode.cpp.cpp; path = kmp.cpp; sourceTree = "<group>"; };
		CEC6802E2663A15C007CB0E3 /* memoryking.cpp */ = {isa = PBXFileReference; fileEncoding = 4; lastKnownFileType = sourcecode.cpp.cpp; path = memoryking.cpp; sourceTree = "<group>"; };
		CEC680302663A15C007CB0E3 /* hanoi.cpp */ = {isa = PBXFileReference; fileEncoding = 4; lastKnownFileType = sourcecode.cpp.cpp; path = hanoi.cpp; sourceTree = "<group>"; };
		CEC680312663A15C007CB0E3 /* hanoi_rv.cpp */ = {isa = PBXFileReference; fileEncoding = 4; lastKnownFileType = sourcecode.cpp.cpp; path = hanoi_rv.cpp; sourceTree = "<group>"; };
		CEC680332663A15C007CB0E3 /* picnic.cpp */ = {isa = PBXFileReference; fileEncoding = 4; lastKnownFileType = sourcecode.cpp.cpp; path = picnic.cpp; sourceTree = "<group>"; };
		CEC680342663A15C007CB0E3 /* picnic_rv.cpp */ = {isa = PBXFileReference; fileEncoding = 4; lastKnownFileType = sourcecode.cpp.cpp; path = picnic_rv.cpp; sourceTree = "<group>"; };
		CEC680352663A15C007CB0E3 /* picnic3.cpp */ = {isa = PBXFileReference; fileEncoding = 4; lastKnownFileType = sourcecode.cpp.cpp; path = picnic3.cpp; sourceTree = "<group>"; };
		CEC680362663A15C007CB0E3 /* picnic2.cpp */ = {isa = PBXFileReference; fileEncoding = 4; lastKnownFileType = sourcecode.cpp.cpp; path = picnic2.cpp; sourceTree = "<group>"; };
		CEC680382663A15C007CB0E3 /* serialnum.cpp */ = {isa = PBXFileReference; fileEncoding = 4; lastKnownFileType = sourcecode.cpp.cpp; path = serialnum.cpp; sourceTree = "<group>"; };
		CEC680392663A15C007CB0E3 /* serialnum_ws.cpp */ = {isa = PBXFileReference; fileEncoding = 4; lastKnownFileType = sourcecode.cpp.cpp; path = serialnum_ws.cpp; sourceTree = "<group>"; };
		CEC6803B2663A15C007CB0E3 /* papercount.cpp */ = {isa = PBXFileReference; fileEncoding = 4; lastKnownFileType = sourcecode.cpp.cpp; path = papercount.cpp; sourceTree = "<group>"; };
		CEC6803D2663A15C007CB0E3 /* dwarf_ws.cpp */ = {isa = PBXFileReference; fileEncoding = 4; lastKnownFileType = sourcecode.cpp.cpp; path = dwarf_ws.cpp; sourceTree = "<group>"; };
		CEC6803E2663A15C007CB0E3 /* dwarf.cpp */ = {isa = PBXFileReference; fileEncoding = 4; lastKnownFileType = sourcecode.cpp.cpp; path = dwarf.cpp; sourceTree = "<group>"; };
		CEC680402663A15C007CB0E3 /* zero.cpp */ = {isa = PBXFileReference; fileEncoding = 4; lastKnownFileType = sourcecode.cpp.cpp; path = zero.cpp; sourceTree = "<group>"; };
		CEC680422663A15C007CB0E3 /* triangle.cpp */ = {isa = PBXFileReference; fileEncoding = 4; lastKnownFileType = sourcecode.cpp.cpp; path = triangle.cpp; sourceTree = "<group>"; };
		CEC680442663A15C007CB0E3 /* star18.cpp */ = {isa = PBXFileReference; fileEncoding = 4; lastKnownFileType = sourcecode.cpp.cpp; path = star18.cpp; sourceTree = "<group>"; };
		CEC680462663A15C007CB0E3 /* cardunion.cpp */ = {isa = PBXFileReference; fileEncoding = 4; lastKnownFileType = sourcecode.cpp.cpp; path = cardunion.cpp; sourceTree = "<group>"; };
		CEC680492663A15C007CB0E3 /* wildcard.cpp */ = {isa = PBXFileReference; fileEncoding = 4; lastKnownFileType = sourcecode.cpp.cpp; path = wildcard.cpp; sourceTree = "<group>"; };
		CEC6804A2663A15C007CB0E3 /* wildcard_dp.cpp */ = {isa = PBXFileReference; fileEncoding = 4; lastKnownFileType = sourcecode.cpp.cpp; path = wildcard_dp.cpp; sourceTree = "<group>"; };
		CEC6804C2663A15C007CB0E3 /* zoo_ws.cpp */ = {isa = PBXFileReference; fileEncoding = 4; lastKnownFileType = sourcecode.cpp.cpp; path = zoo_ws.cpp; sourceTree = "<group>"; };
		CEC6804D2663A15C007CB0E3 /* zoo.cpp */ = {isa = PBXFileReference; fileEncoding = 4; lastKnownFileType = sourcecode.cpp.cpp; path = zoo.cpp; sourceTree = "<group>"; };
		CEC680502663A15D007CB0E3 /* rich2.cpp */ = {isa = PBXFileReference; fileEncoding = 4; lastKnownFileType = sourcecode.cpp.cpp; path = rich2.cpp; sourceTree = "<group>"; };
		CEC680522663A15D007CB0E3 /* bridge_com.cpp */ = {isa = PBXFileReference; fileEncoding = 4; lastKnownFileType = sourcecode.cpp.cpp; path = bridge_com.cpp; sourceTree = "<group>"; };
		CEC680532663A15D007CB0E3 /* bridge.cpp */ = {isa = PBXFileReference; fileEncoding = 4; lastKnownFileType = sourcecode.cpp.cpp; path = bridge.cpp; sourceTree = "<group>"; };
		CEC680552663A15D007CB0E3 /* matrix2.cpp */ = {isa = PBXFileReference; fileEncoding = 4; lastKnownFileType = sourcecode.cpp.cpp; path = matrix2.cpp; sourceTree = "<group>"; };
		CEC680562663A15D007CB0E3 /* matrix.cpp */ = {isa = PBXFileReference; fileEncoding = 4; lastKnownFileType = sourcecode.cpp.cpp; path = matrix.cpp; sourceTree = "<group>"; };
		CEC680582663A15D007CB0E3 /* stair.cpp */ = {isa = PBXFileReference; fileEncoding = 4; lastKnownFileType = sourcecode.cpp.cpp; path = stair.cpp; sourceTree = "<group>"; };
		CEC6805A2663A15D007CB0E3 /* fillbox.cpp */ = {isa = PBXFileReference; fileEncoding = 4; lastKnownFileType = sourcecode.cpp.cpp; path = fillbox.cpp; sourceTree = "<group>"; };
		CEC6805C2663A15D007CB0E3 /* assignment.cpp */ = {isa = PBXFileReference; fileEncoding = 4; lastKnownFileType = sourcecode.cpp.cpp; path = assignment.cpp; sourceTree = "<group>"; };
		CEC6805E2663A15D007CB0E3 /* theater2.cpp */ = {isa = PBXFileReference; fileEncoding = 4; lastKnownFileType = sourcecode.cpp.cpp; path = theater2.cpp; sourceTree = "<group>"; };
		CEC6805F2663A15D007CB0E3 /* theater.cpp */ = {isa = PBXFileReference; fileEncoding = 4; lastKnownFileType = sourcecode.cpp.cpp; path = theater.cpp; sourceTree = "<group>"; };
		CEC680612663A15D007CB0E3 /* 123sum_topdown.cpp */ = {isa = PBXFileReference; fileEncoding = 4; lastKnownFileType = sourcecode.cpp.cpp; path = 123sum_topdown.cpp; sourceTree = "<group>"; };
		CEC680622663A15D007CB0E3 /* 123sum_bottomup.cpp */ = {isa = PBXFileReference; fileEncoding = 4; lastKnownFileType = sourcecode.cpp.cpp; path = 123sum_bottomup.cpp; sourceTree = "<group>"; };
		CEC680632663A15D007CB0E3 /* 123sum_dp.cpp */ = {isa = PBXFileReference; fileEncoding = 4; lastKnownFileType = sourcecode.cpp.cpp; path = 123sum_dp.cpp; sourceTree = "<group>"; };
		CEC680652663A15D007CB0E3 /* tile_ws.cpp */ = {isa = PBXFileReference; fileEncoding = 4; lastKnownFileType = sourcecode.cpp.cpp; path = tile_ws.cpp; sourceTree = "<group>"; };
		CEC680662663A15D007CB0E3 /* tile.cpp */ = {isa = PBXFileReference; fileEncoding = 4; lastKnownFileType = sourcecode.cpp.cpp; path = tile.cpp; sourceTree = "<group>"; };
		CEC680682663A15D007CB0E3 /* fibonacci_2.cpp */ = {isa = PBXFileReference; fileEncoding = 4; lastKnownFileType = sourcecode.cpp.cpp; path = fibonacci_2.cpp; sourceTree = "<group>"; };
		CEC680692663A15D007CB0E3 /* fibonacci.cpp */ = {isa = PBXFileReference; fileEncoding = 4; lastKnownFileType = sourcecode.cpp.cpp; path = fibonacci.cpp; sourceTree = "<group>"; };
		CEC6806B2663A15D007CB0E3 /* queue.cpp */ = {isa = PBXFileReference; fileEncoding = 4; lastKnownFileType = sourcecode.cpp.cpp; path = queue.cpp; sourceTree = "<group>"; };
		CEC6806D2663A15E007CB0E3 /* resignation.cpp */ = {isa = PBXFileReference; fileEncoding = 4; lastKnownFileType = sourcecode.cpp.cpp; path = resignation.cpp; sourceTree = "<group>"; };
		CEC6806F2663A15E007CB0E3 /* keylogger.cpp */ = {isa = PBXFileReference; fileEncoding = 4; lastKnownFileType = sourcecode.cpp.cpp; path = keylogger.cpp; sourceTree = "<group>"; };
		CEC680712663A15E007CB0E3 /* samenum.cpp */ = {isa = PBXFileReference; fileEncoding = 4; lastKnownFileType = sourcecode.cpp.cpp; path = samenum.cpp; sourceTree = "<group>"; };
		CEC680732663A15E007CB0E3 /* trianglepath.cpp */ = {isa = PBXFileReference; fileEncoding = 4; lastKnownFileType = sourcecode.cpp.cpp; path = trianglepath.cpp; sourceTree = "<group>"; };
		CEC680752663A15E007CB0E3 /* roomnum.cpp */ = {isa = PBXFileReference; fileEncoding = 4; lastKnownFileType = sourcecode.cpp.cpp; path = roomnum.cpp; sourceTree = "<group>"; };
		CEC680772663A15E007CB0E3 /* fashion.cpp */ = {isa = PBXFileReference; fileEncoding = 4; lastKnownFileType = sourcecode.cpp.cpp; path = fashion.cpp; sourceTree = "<group>"; };
		CEC680792663A15E007CB0E3 /* card.cpp */ = {isa = PBXFileReference; fileEncoding = 4; lastKnownFileType = sourcecode.cpp.cpp; path = card.cpp; sourceTree = "<group>"; };
		CEC6807C2663A15E007CB0E3 /* carrot.cpp */ = {isa = PBXFileReference; fileEncoding = 4; lastKnownFileType = sourcecode.cpp.cpp; path = carrot.cpp; sourceTree = "<group>"; };
		CEC6807E2663A15E007CB0E3 /* wave_seq.cpp */ = {isa = PBXFileReference; fileEncoding = 4; lastKnownFileType = sourcecode.cpp.cpp; path = wave_seq.cpp; sourceTree = "<group>"; };
		CEC680802663A15E007CB0E3 /* rectangle2.cpp */ = {isa = PBXFileReference; fileEncoding = 4; lastKnownFileType = sourcecode.cpp.cpp; path = rectangle2.cpp; sourceTree = "<group>"; };
		CEC680812663A15E007CB0E3 /* rectangle.cpp */ = {isa = PBXFileReference; fileEncoding = 4; lastKnownFileType = sourcecode.cpp.cpp; path = rectangle.cpp; sourceTree = "<group>"; };
		CEC680832663A15E007CB0E3 /* boardcover.cpp */ = {isa = PBXFileReference; fileEncoding = 4; lastKnownFileType = sourcecode.cpp.cpp; path = boardcover.cpp; sourceTree = "<group>"; };
		CEC680842663A15E007CB0E3 /* boardcover_rv.cpp */ = {isa = PBXFileReference; fileEncoding = 4; lastKnownFileType = sourcecode.cpp.cpp; path = boardcover_rv.cpp; sourceTree = "<group>"; };
		CEC680852663A15E007CB0E3 /* boardcover_hj.cpp */ = {isa = PBXFileReference; fileEncoding = 4; lastKnownFileType = sourcecode.cpp.cpp; path = boardcover_hj.cpp; sourceTree = "<group>"; };
		CEC680862663A15E007CB0E3 /* boardcover_rv2.cpp */ = {isa = PBXFileReference; fileEncoding = 4; lastKnownFileType = sourcecode.cpp.cpp; path = boardcover_rv2.cpp; sourceTree = "<group>"; };
		CEC680882663A15E007CB0E3 /* fibonacci.cpp */ = {isa = PBXFileReference; fileEncoding = 4; lastKnownFileType = sourcecode.cpp.cpp; path = fibonacci.cpp; sourceTree = "<group>"; };
		CEC6808A2663A15E007CB0E3 /* combinationOf6.cpp */ = {isa = PBXFileReference; fileEncoding = 4; lastKnownFileType = sourcecode.cpp.cpp; path = combinationOf6.cpp; sourceTree = "<group>"; };
		CEC6808B2663A15E007CB0E3 /* combinationOf6ws.cpp */ = {isa = PBXFileReference; fileEncoding = 4; lastKnownFileType = sourcecode.cpp.cpp; path = combinationOf6ws.cpp; sourceTree = "<group>"; };
		CEC6808D2663A15F007CB0E3 /* uphill_ws.cpp */ = {isa = PBXFileReference; fileEncoding = 4; lastKnownFileType = sourcecode.cpp.cpp; path = uphill_ws.cpp; sourceTree = "<group>"; };
		CEC6808E2663A15F007CB0E3 /* uphill.cpp */ = {isa = PBXFileReference; fileEncoding = 4; lastKnownFileType = sourcecode.cpp.cpp; path = uphill.cpp; sourceTree = "<group>"; };
		CEC680902663A15F007CB0E3 /* binary.cpp */ = {isa = PBXFileReference; fileEncoding = 4; lastKnownFileType = sourcecode.cpp.cpp; path = binary.cpp; sourceTree = "<group>"; };
		CEC680912663A15F007CB0E3 /* 10829.cpp */ = {isa = PBXFileReference; fileEncoding = 4; lastKnownFileType = sourcecode.cpp.cpp; path = 10829.cpp; sourceTree = "<group>"; };
		CEC680922663A15F007CB0E3 /* binary_ws2.cpp */ = {isa = PBXFileReference; fileEncoding = 4; lastKnownFileType = sourcecode.cpp.cpp; path = binary_ws2.cpp; sourceTree = "<group>"; };
		CEC680932663A15F007CB0E3 /* binary_ws.cpp */ = {isa = PBXFileReference; fileEncoding = 4; lastKnownFileType = sourcecode.cpp.cpp; path = binary_ws.cpp; sourceTree = "<group>"; };
		CEC680952663A15F007CB0E3 /* cantorset.cpp */ = {isa = PBXFileReference; fileEncoding = 4; lastKnownFileType = sourcecode.cpp.cpp; path = cantorset.cpp; sourceTree = "<group>"; };
		CEC680962663A15F007CB0E3 /* cantorset2.cpp */ = {isa = PBXFileReference; fileEncoding = 4; lastKnownFileType = sourcecode.cpp.cpp; path = cantorset2.cpp; sourceTree = "<group>"; };
		CEC680982663A15F007CB0E3 /* guitar.cpp */ = {isa = PBXFileReference; fileEncoding = 4; lastKnownFileType = sourcecode.cpp.cpp; path = guitar.cpp; sourceTree = "<group>"; };
		CEC680992663A15F007CB0E3 /* guitar_ws.cpp */ = {isa = PBXFileReference; fileEncoding = 4; lastKnownFileType = sourcecode.cpp.cpp; path = guitar_ws.cpp; sourceTree = "<group>"; };
		CEC6809B2663A15F007CB0E3 /* clocksync_book.cpp */ = {isa = PBXFileReference; fileEncoding = 4; lastKnownFileType = sourcecode.cpp.cpp; path = clocksync_book.cpp; sourceTree = "<group>"; };
		CEC6809C2663A15F007CB0E3 /* clocksync.cpp */ = {isa = PBXFileReference; fileEncoding = 4; lastKnownFileType = sourcecode.cpp.cpp; path = clocksync.cpp; sourceTree = "<group>"; };
		CEC6809D2663A15F007CB0E3 /* clocksync_rv.cpp */ = {isa = PBXFileReference; fileEncoding = 4; lastKnownFileType = sourcecode.cpp.cpp; path = clocksync_rv.cpp; sourceTree = "<group>"; };
		CEC6809E2663A15F007CB0E3 /* clocksync_rv2.cpp */ = {isa = PBXFileReference; fileEncoding = 4; lastKnownFileType = sourcecode.cpp.cpp; path = clocksync_rv2.cpp; sourceTree = "<group>"; };
		CEC680A02663A15F007CB0E3 /* jumpgame.cpp */ = {isa = PBXFileReference; fileEncoding = 4; lastKnownFileType = sourcecode.cpp.cpp; path = jumpgame.cpp; sourceTree = "<group>"; };
		CEC680A22663A15F007CB0E3 /* memset_arr.cpp */ = {isa = PBXFileReference; fileEncoding = 4; lastKnownFileType = sourcecode.cpp.cpp; path = memset_arr.cpp; sourceTree = "<group>"; };
		CEC680A32663A15F007CB0E3 /* memset_arr.hpp */ = {isa = PBXFileReference; fileEncoding = 4; lastKnownFileType = sourcecode.cpp.h; path = memset_arr.hpp; sourceTree = "<group>"; };
		CEC680A42663A15F007CB0E3 /* memset_struct.cpp */ = {isa = PBXFileReference; fileEncoding = 4; lastKnownFileType = sourcecode.cpp.cpp; path = memset_struct.cpp; sourceTree = "<group>"; };
		CEC680A52663A15F007CB0E3 /* memsettest.cpp */ = {isa = PBXFileReference; fileEncoding = 4; lastKnownFileType = sourcecode.cpp.cpp; path = memsettest.cpp; sourceTree = "<group>"; };
		CEC680A62663A15F007CB0E3 /* arr_size.cpp */ = {isa = PBXFileReference; fileEncoding = 4; lastKnownFileType = sourcecode.cpp.cpp; path = arr_size.cpp; sourceTree = "<group>"; };
		CEC680A82663A15F007CB0E3 /* palindrome.cpp */ = {isa = PBXFileReference; fileEncoding = 4; lastKnownFileType = sourcecode.cpp.cpp; path = palindrome.cpp; sourceTree = "<group>"; };
		CEC680AA2663A15F007CB0E3 /* queue.cpp */ = {isa = PBXFileReference; fileEncoding = 4; lastKnownFileType = sourcecode.cpp.cpp; path = queue.cpp; sourceTree = "<group>"; };
		CEC680AC2663A160007CB0E3 /* lis.cpp */ = {isa = PBXFileReference; fileEncoding = 4; lastKnownFileType = sourcecode.cpp.cpp; path = lis.cpp; sourceTree = "<group>"; };
		CED157C826BD143E007B57E2 /* bridgetruck.cpp */ = {isa = PBXFileReference; lastKnownFileType = sourcecode.cpp.cpp; path = bridgetruck.cpp; sourceTree = "<group>"; };
		CED157CB26BE8D20007B57E2 /* lotto.cpp */ = {isa = PBXFileReference; lastKnownFileType = sourcecode.cpp.cpp; path = lotto.cpp; sourceTree = "<group>"; };
		CED157CE26BE91D5007B57E2 /* mooo.cpp */ = {isa = PBXFileReference; lastKnownFileType = sourcecode.cpp.cpp; path = mooo.cpp; sourceTree = "<group>"; };
		CED157D126BE9AFC007B57E2 /* stairnumber.cpp */ = {isa = PBXFileReference; lastKnownFileType = sourcecode.cpp.cpp; path = stairnumber.cpp; sourceTree = "<group>"; };
		CED157D426BEA03C007B57E2 /* tomato.cpp */ = {isa = PBXFileReference; lastKnownFileType = sourcecode.cpp.cpp; path = tomato.cpp; sourceTree = "<group>"; };
		CED157D726BEAD80007B57E2 /* password.cpp */ = {isa = PBXFileReference; lastKnownFileType = sourcecode.cpp.cpp; path = password.cpp; sourceTree = "<group>"; };
		CED4875126B7DBF70086E0F2 /* jumpjump.cpp */ = {isa = PBXFileReference; lastKnownFileType = sourcecode.cpp.cpp; path = jumpjump.cpp; sourceTree = "<group>"; };
		CED4875426B7DE0E0086E0F2 /* landcount.cpp */ = {isa = PBXFileReference; lastKnownFileType = sourcecode.cpp.cpp; path = landcount.cpp; sourceTree = "<group>"; };
		CED4875726B7E2580086E0F2 /* zoo.cpp */ = {isa = PBXFileReference; lastKnownFileType = sourcecode.cpp.cpp; path = zoo.cpp; sourceTree = "<group>"; };
		CED4875A26B7E4E30086E0F2 /* diffmax.cpp */ = {isa = PBXFileReference; lastKnownFileType = sourcecode.cpp.cpp; path = diffmax.cpp; sourceTree = "<group>"; };
		CED9BAF8266F0BE9000651FD /* diet.cpp */ = {isa = PBXFileReference; lastKnownFileType = sourcecode.cpp.cpp; path = diet.cpp; sourceTree = "<group>"; };
		CED9BB0F2676E339000651FD /* trialexam.cpp */ = {isa = PBXFileReference; lastKnownFileType = sourcecode.cpp.cpp; path = trialexam.cpp; sourceTree = "<group>"; };
		CED9BB122676E366000651FD /* gymcloth.cpp */ = {isa = PBXFileReference; lastKnownFileType = sourcecode.cpp.cpp; path = gymcloth.cpp; sourceTree = "<group>"; };
		CED9BB152676E398000651FD /* cranedoll.cpp */ = {isa = PBXFileReference; lastKnownFileType = sourcecode.cpp.cpp; path = cranedoll.cpp; sourceTree = "<group>"; };
		CED9BB182676E3B3000651FD /* lotto.cpp */ = {isa = PBXFileReference; lastKnownFileType = sourcecode.cpp.cpp; path = lotto.cpp; sourceTree = "<group>"; };
		CED9BB1B2676E3DF000651FD /* keypad.cpp */ = {isa = PBXFileReference; lastKnownFileType = sourcecode.cpp.cpp; path = keypad.cpp; sourceTree = "<group>"; };
		CED9BB1E2676E6B9000651FD /* pick_twonum.cpp */ = {isa = PBXFileReference; lastKnownFileType = sourcecode.cpp.cpp; path = pick_twonum.cpp; sourceTree = "<group>"; };
		CED9BB212676F826000651FD /* recommendid.cpp */ = {isa = PBXFileReference; lastKnownFileType = sourcecode.cpp.cpp; path = recommendid.cpp; sourceTree = "<group>"; };
		CED9BB2426772EB3000651FD /* notfinish_player.cpp */ = {isa = PBXFileReference; lastKnownFileType = sourcecode.cpp.cpp; path = notfinish_player.cpp; sourceTree = "<group>"; };
		CED9BB27267741CF000651FD /* makeprime.cpp */ = {isa = PBXFileReference; lastKnownFileType = sourcecode.cpp.cpp; path = makeprime.cpp; sourceTree = "<group>"; };
		CED9BB2A2678758B000651FD /* failure.cpp */ = {isa = PBXFileReference; lastKnownFileType = sourcecode.cpp.cpp; path = failure.cpp; sourceTree = "<group>"; };
		CED9BB2D26787C28000651FD /* ternary.cpp */ = {isa = PBXFileReference; lastKnownFileType = sourcecode.cpp.cpp; path = ternary.cpp; sourceTree = "<group>"; };
		CED9BB3026788CB8000651FD /* secretmap.cpp */ = {isa = PBXFileReference; lastKnownFileType = sourcecode.cpp.cpp; path = secretmap.cpp; sourceTree = "<group>"; };
		CED9BB332678C3EA000651FD /* primesum.cpp */ = {isa = PBXFileReference; lastKnownFileType = sourcecode.cpp.cpp; path = primesum.cpp; sourceTree = "<group>"; };
		CED9BB36267B00E5000651FD /* AC.cpp */ = {isa = PBXFileReference; lastKnownFileType = sourcecode.cpp.cpp; path = AC.cpp; sourceTree = "<group>"; };
		CED9BB39267B5704000651FD /* LCS.cpp */ = {isa = PBXFileReference; lastKnownFileType = sourcecode.cpp.cpp; path = LCS.cpp; sourceTree = "<group>"; };
		CED9BB3C2680530A000651FD /* groupphoto.cpp */ = {isa = PBXFileReference; lastKnownFileType = sourcecode.cpp.cpp; path = groupphoto.cpp; sourceTree = "<group>"; };
		CED9BB3F268082B1000651FD /* openchat.cpp */ = {isa = PBXFileReference; lastKnownFileType = sourcecode.cpp.cpp; path = openchat.cpp; sourceTree = "<group>"; };
		CED9BB4226819D3E000651FD /* stringzip.cpp */ = {isa = PBXFileReference; lastKnownFileType = sourcecode.cpp.cpp; path = stringzip.cpp; sourceTree = "<group>"; };
		CED9BB452681CA86000651FD /* targetnumber.cpp */ = {isa = PBXFileReference; lastKnownFileType = sourcecode.cpp.cpp; path = targetnumber.cpp; sourceTree = "<group>"; };
		CED9BB482681E15C000651FD /* mergesort.cpp */ = {isa = PBXFileReference; lastKnownFileType = sourcecode.cpp.cpp; path = mergesort.cpp; sourceTree = "<group>"; };
		CED9BB4B2682D222000651FD /* gamemap.cpp */ = {isa = PBXFileReference; lastKnownFileType = sourcecode.cpp.cpp; path = gamemap.cpp; sourceTree = "<group>"; };
		CED9BB512685BB96000651FD /* z.cpp */ = {isa = PBXFileReference; lastKnownFileType = sourcecode.cpp.cpp; path = z.cpp; sourceTree = "<group>"; };
		CED9BB5426898779000651FD /* oneline.cpp */ = {isa = PBXFileReference; lastKnownFileType = sourcecode.cpp.cpp; path = oneline.cpp; sourceTree = "<group>"; };
		CED9BB5A2692A275000651FD /* laboratory.cpp */ = {isa = PBXFileReference; lastKnownFileType = sourcecode.cpp.cpp; path = laboratory.cpp; sourceTree = "<group>"; };
		CED9BB5D2692D735000651FD /* rgbline.cpp */ = {isa = PBXFileReference; lastKnownFileType = sourcecode.cpp.cpp; path = rgbline.cpp; sourceTree = "<group>"; };
		CED9BB602692E4F3000651FD /* wallbreakmove.cpp */ = {isa = PBXFileReference; lastKnownFileType = sourcecode.cpp.cpp; path = wallbreakmove.cpp; sourceTree = "<group>"; };
		CED9BB632694448A000651FD /* safezone.cpp */ = {isa = PBXFileReference; lastKnownFileType = sourcecode.cpp.cpp; path = safezone.cpp; sourceTree = "<group>"; };
		CED9BB66269472AC000651FD /* concatnum.cpp */ = {isa = PBXFileReference; lastKnownFileType = sourcecode.cpp.cpp; path = concatnum.cpp; sourceTree = "<group>"; };
		CED9BB6926956B60000651FD /* nm1.cpp */ = {isa = PBXFileReference; lastKnownFileType = sourcecode.cpp.cpp; path = nm1.cpp; sourceTree = "<group>"; };
		CED9BB6C26957A05000651FD /* nm2.cpp */ = {isa = PBXFileReference; lastKnownFileType = sourcecode.cpp.cpp; path = nm2.cpp; sourceTree = "<group>"; };
		CED9BB6F26957C79000651FD /* nm3.cpp */ = {isa = PBXFileReference; lastKnownFileType = sourcecode.cpp.cpp; path = nm3.cpp; sourceTree = "<group>"; };
		CED9BB7226957FE2000651FD /* nm4.cpp */ = {isa = PBXFileReference; lastKnownFileType = sourcecode.cpp.cpp; path = nm4.cpp; sourceTree = "<group>"; };
		CED9BB752695822E000651FD /* nm5.cpp */ = {isa = PBXFileReference; lastKnownFileType = sourcecode.cpp.cpp; path = nm5.cpp; sourceTree = "<group>"; };
		CED9BB7826959542000651FD /* print.cpp */ = {isa = PBXFileReference; lastKnownFileType = sourcecode.cpp.cpp; path = print.cpp; sourceTree = "<group>"; };
		CEE83BD7268EAFAB00D8FC05 /* hidenseek.cpp */ = {isa = PBXFileReference; lastKnownFileType = sourcecode.cpp.cpp; path = hidenseek.cpp; sourceTree = "<group>"; };
		CEE83BDD268EC48400D8FC05 /* cabbage.cpp */ = {isa = PBXFileReference; lastKnownFileType = sourcecode.cpp.cpp; path = cabbage.cpp; sourceTree = "<group>"; };
		CEF42ABE26A7B7A800157985 /* installrouter.cpp */ = {isa = PBXFileReference; lastKnownFileType = sourcecode.cpp.cpp; path = installrouter.cpp; sourceTree = "<group>"; };
		CEF42AC126A818AA00157985 /* cuttree.cpp */ = {isa = PBXFileReference; lastKnownFileType = sourcecode.cpp.cpp; path = cuttree.cpp; sourceTree = "<group>"; };
		CEF42AC426AE6C4700157985 /* filltile.cpp */ = {isa = PBXFileReference; lastKnownFileType = sourcecode.cpp.cpp; path = filltile.cpp; sourceTree = "<group>"; };
		CEF42AC726B1454E00157985 /* guitarlesson.cpp */ = {isa = PBXFileReference; lastKnownFileType = sourcecode.cpp.cpp; path = guitarlesson.cpp; sourceTree = "<group>"; };
		CEFA660F26AC550500C533E5 /* 2ntiling2.cpp */ = {isa = PBXFileReference; lastKnownFileType = sourcecode.cpp.cpp; path = 2ntiling2.cpp; sourceTree = "<group>"; };
		CEFA661426AC551700C533E5 /* hanoitop.cpp */ = {isa = PBXFileReference; lastKnownFileType = sourcecode.cpp.cpp; path = hanoitop.cpp; sourceTree = "<group>"; };
		CEFA661926AC554700C533E5 /* drinkwine.cpp */ = {isa = PBXFileReference; lastKnownFileType = sourcecode.cpp.cpp; path = drinkwine.cpp; sourceTree = "<group>"; };
		CEFA663126AEF6D700C533E5 /* hanoi2.cpp */ = {isa = PBXFileReference; lastKnownFileType = sourcecode.cpp.cpp; path = hanoi2.cpp; sourceTree = "<group>"; };
		CEFA664426B4195F00C533E5 /* lan.cpp */ = {isa = PBXFileReference; lastKnownFileType = sourcecode.cpp.cpp; path = lan.cpp; sourceTree = "<group>"; };
/* End PBXFileReference section */

/* Begin PBXFrameworksBuildPhase section */
		CEC67ED62663A062007CB0E3 /* Frameworks */ = {
			isa = PBXFrameworksBuildPhase;
			buildActionMask = 2147483647;
			files = (
			);
			runOnlyForDeploymentPostprocessing = 0;
		};
/* End PBXFrameworksBuildPhase section */

/* Begin PBXGroup section */
		C8AAA022278D24F1003A04AE /* fillchess */ = {
			isa = PBXGroup;
			children = (
				C8AAA023278D250F003A04AE /* fillchess.cpp */,
			);
			path = fillchess;
			sourceTree = "<group>";
		};
		C8AAA02527901FDF003A04AE /* arithmetic_num */ = {
			isa = PBXGroup;
			children = (
				C8AAA02627902018003A04AE /* arithmetic_num.cpp */,
			);
			path = arithmetic_num;
			sourceTree = "<group>";
		};
		C8AAA02827903C58003A04AE /* putcard */ = {
			isa = PBXGroup;
			children = (
				C8AAA02927903C6E003A04AE /* putcard.cpp */,
			);
			path = putcard;
			sourceTree = "<group>";
		};
		CE00F6E1266DC2DF00609EEA /* sushi */ = {
			isa = PBXGroup;
			children = (
				CE00F6E2266DC2F000609EEA /* sushi.cpp */,
			);
			path = sushi;
			sourceTree = "<group>";
		};
		CE00F6E8266E0DD800609EEA /* selectnum */ = {
			isa = PBXGroup;
			children = (
				CE00F6E9266E0DE400609EEA /* selectnum.cpp */,
			);
			path = selectnum;
			sourceTree = "<group>";
		};
		CE2641EE26646FF7001E2A7C /* budget */ = {
			isa = PBXGroup;
			children = (
				CE2641EF26647006001E2A7C /* budget.cpp */,
			);
			path = budget;
			sourceTree = "<group>";
		};
		CE2641F62664C4D8001E2A7C /* library */ = {
			isa = PBXGroup;
			children = (
				CE2641F72664C4E5001E2A7C /* library.cpp */,
			);
			path = library;
			sourceTree = "<group>";
		};
		CE2641FC2666267A001E2A7C /* lecroom */ = {
			isa = PBXGroup;
			children = (
				CE2641FD26662687001E2A7C /* lecroom.cpp */,
			);
			path = lecroom;
			sourceTree = "<group>";
		};
		CE6CE340268C4CB400955654 /* startlink */ = {
			isa = PBXGroup;
			children = (
				CE6CE341268C4CC200955654 /* startlink.cpp */,
			);
			path = startlink;
			sourceTree = "<group>";
		};
		CE6CE346268D871400955654 /* dfsbfs */ = {
			isa = PBXGroup;
			children = (
				CE6CE347268D871F00955654 /* dfsbfs.cpp */,
			);
			path = dfsbfs;
			sourceTree = "<group>";
		};
		CE6CE34C268DD1FD00955654 /* miro */ = {
			isa = PBXGroup;
			children = (
				CE6CE34D268DD20700955654 /* miro.cpp */,
			);
			path = miro;
			sourceTree = "<group>";
		};
		CE6CE352268E8B1C00955654 /* tomato */ = {
			isa = PBXGroup;
			children = (
				CE6CE353268E8B2800955654 /* tomato.cpp */,
			);
			path = tomato;
			sourceTree = "<group>";
		};
		CE6CE359268E99FC00955654 /* complexnum */ = {
			isa = PBXGroup;
			children = (
				CE6CE35A268E9A0A00955654 /* complexnum.cpp */,
			);
			path = complexnum;
			sourceTree = "<group>";
		};
		CE7558812663A3A700496288 /* palindrome2 */ = {
			isa = PBXGroup;
			children = (
				CE7558822663A3BD00496288 /* palidrome2.cpp */,
			);
			path = palindrome2;
			sourceTree = "<group>";
		};
		CE7558872663A46200496288 /* twobox */ = {
			isa = PBXGroup;
			children = (
				CE7558882663A47000496288 /* twobox.cpp */,
			);
			path = twobox;
			sourceTree = "<group>";
		};
		CE75588C2663A48600496288 /* line */ = {
			isa = PBXGroup;
			children = (
				CE75588D2663A48F00496288 /* line.cpp */,
			);
			path = line;
			sourceTree = "<group>";
		};
		CE7558912663A4B000496288 /* symmetricdiff */ = {
			isa = PBXGroup;
			children = (
				CE7558922663A4C100496288 /* set.cpp */,
				CE7558982663A4EC00496288 /* unordered_set.cpp */,
				CE75589B2663A50300496288 /* unordered_set_reserve.cpp */,
				CE75589E2663A51800496288 /* vector_bs.cpp */,
				CE7558A12663A52C00496288 /* array_bs.cpp */,
			);
			path = symmetricdiff;
			sourceTree = "<group>";
		};
		CE7558A5266898EE00496288 /* beerfest */ = {
			isa = PBXGroup;
			children = (
				CE7558A6266898FC00496288 /* beerfestival.cpp */,
			);
			path = beerfest;
			sourceTree = "<group>";
		};
		CE7558AC2668B23000496288 /* balloonfactory */ = {
			isa = PBXGroup;
			children = (
				CE7558AD2668B24700496288 /* balloonfactory.cpp */,
			);
			path = balloonfactory;
			sourceTree = "<group>";
		};
		CE7558B126690B6B00496288 /* duparr */ = {
			isa = PBXGroup;
			children = (
				CE7558B226690BA000496288 /* duparray.cpp */,
			);
			path = duparr;
			sourceTree = "<group>";
		};
		CE7558B7266913A300496288 /* numcard */ = {
			isa = PBXGroup;
			children = (
				CE7558B8266913C300496288 /* numcard.cpp */,
			);
			path = numcard;
			sourceTree = "<group>";
		};
		CE78586626B526F100CF0519 /* game */ = {
			isa = PBXGroup;
			children = (
				CE78586726B5270200CF0519 /* game.cpp */,
			);
			path = game;
			sourceTree = "<group>";
		};
		CE78586926B53E7700CF0519 /* immigration */ = {
			isa = PBXGroup;
			children = (
				CE78586A26B53E8300CF0519 /* immigration.cpp */,
			);
			path = immigration;
			sourceTree = "<group>";
		};
		CE78586C26B5496600CF0519 /* allowance */ = {
			isa = PBXGroup;
			children = (
				CE78586D26B5498000CF0519 /* allowance.cpp */,
			);
			path = allowance;
			sourceTree = "<group>";
		};
		CE78586F26B58E3700CF0519 /* microwave */ = {
			isa = PBXGroup;
			children = (
				CE78587026B58E4E00CF0519 /* microwave.cpp */,
			);
			path = microwave;
			sourceTree = "<group>";
		};
		CE78587226B591C800CF0519 /* newemployee */ = {
			isa = PBXGroup;
			children = (
				CE78587326B591E300CF0519 /* newemployee.cpp */,
			);
			path = newemployee;
			sourceTree = "<group>";
		};
		CE78587526B64D0E00CF0519 /* kinship */ = {
			isa = PBXGroup;
			children = (
				CE78587626B64D2700CF0519 /* kinship.cpp */,
			);
			path = kinship;
			sourceTree = "<group>";
		};
		CE78587826B6605F00CF0519 /* coin1 */ = {
			isa = PBXGroup;
			children = (
				CE78587926B6606C00CF0519 /* coin1.cpp */,
			);
			path = coin1;
			sourceTree = "<group>";
		};
		CE7A9AAA266B8A7600166711 /* jewelbox */ = {
			isa = PBXGroup;
			children = (
				CE7A9AAB266B8A8700166711 /* jewelbox.cpp */,
			);
			path = jewelbox;
			sourceTree = "<group>";
		};
		CE7A9AB726778E6D00166711 /* groupword */ = {
			isa = PBXGroup;
			children = (
				CE7A9AB826778E7C00166711 /* groupword.cpp */,
			);
			path = groupword;
			sourceTree = "<group>";
		};
		CE7A9AC026798FF000166711 /* dartgame */ = {
			isa = PBXGroup;
			children = (
				CE7A9AC126798FFC00166711 /* dartgame.cpp */,
			);
			path = dartgame;
			sourceTree = "<group>";
		};
		CE7A9ACF26871E9300166711 /* stemcell */ = {
			isa = PBXGroup;
			children = (
				CE7A9AD026871E9F00166711 /* stemcell.cpp */,
			);
			path = stemcell;
			sourceTree = "<group>";
		};
		CE7E081926A13D0800F5119D /* numcard2 */ = {
			isa = PBXGroup;
			children = (
				CE7E081A26A13D2800F5119D /* nc2.cpp */,
			);
			path = numcard2;
			sourceTree = "<group>";
		};
		CE7E081C26A13FD100F5119D /* printerqueue */ = {
			isa = PBXGroup;
			children = (
				CE7E081D26A13FDE00F5119D /* printerqueue.cpp */,
			);
			path = printerqueue;
			sourceTree = "<group>";
		};
		CE7E081F26A1436A00F5119D /* makeone */ = {
			isa = PBXGroup;
			children = (
				CE7E082026A1437500F5119D /* makeone.cpp */,
			);
			path = makeone;
			sourceTree = "<group>";
		};
		CE7E082226A1517E00F5119D /* easystair */ = {
			isa = PBXGroup;
			children = (
				CE7E082326A1518A00F5119D /* easystair.cpp */,
			);
			path = easystair;
			sourceTree = "<group>";
		};
		CE7E082526A1572000F5119D /* grapewine */ = {
			isa = PBXGroup;
			children = (
				CE7E082626A1573000F5119D /* grapewine.cpp */,
			);
			path = grapewine;
			sourceTree = "<group>";
		};
		CE7E082826A1628600F5119D /* seqsort */ = {
			isa = PBXGroup;
			children = (
				CE7E082926A1629D00F5119D /* seqsort.cpp */,
			);
			path = seqsort;
			sourceTree = "<group>";
		};
		CE82BE93269683C700ED48AA /* pluscycle */ = {
			isa = PBXGroup;
			children = (
				CE82BE94269683D500ED48AA /* pluscycle.cpp */,
			);
			path = pluscycle;
			sourceTree = "<group>";
		};
		CE82BE992696877800ED48AA /* primenum */ = {
			isa = PBXGroup;
			children = (
				CE82BE9A2696878300ED48AA /* primenum.cpp */,
			);
			path = primenum;
			sourceTree = "<group>";
		};
		CE82BEA0269C829400ED48AA /* getarea */ = {
			isa = PBXGroup;
			children = (
				CE82BEA1269C82AD00ED48AA /* getarea.cpp */,
			);
			path = getarea;
			sourceTree = "<group>";
		};
		CE82BEA726A2866C00ED48AA /* findnum */ = {
			isa = PBXGroup;
			children = (
				CE82BEA826A2882300ED48AA /* findnum.cpp */,
			);
			path = findnum;
			sourceTree = "<group>";
		};
		CE9039C226C6552300A36F0A /* connectisland */ = {
			isa = PBXGroup;
			children = (
				CE9039C326C6553300A36F0A /* connectisland.cpp */,
			);
			path = connectisland;
			sourceTree = "<group>";
		};
		CEA1025D26B7D24A00B4E291 /* cantor */ = {
			isa = PBXGroup;
			children = (
				CEA1025E26B7D25C00B4E291 /* cantor.cpp */,
			);
			path = cantor;
			sourceTree = "<group>";
		};
		CEA5A0AF2697DC6E00F162D0 /* missingbracket */ = {
			isa = PBXGroup;
			children = (
				CEA5A0B02697DC9200F162D0 /* missingbracket.cpp */,
			);
			path = missingbracket;
			sourceTree = "<group>";
		};
		CEA5A0B2269814E600F162D0 /* printerq */ = {
			isa = PBXGroup;
			children = (
				CEA5A0B3269814FC00F162D0 /* printerq.cpp */,
			);
			path = printerq;
			sourceTree = "<group>";
		};
		CEA5A0B826996F1F00F162D0 /* findprime */ = {
			isa = PBXGroup;
			children = (
				CEA5A0B926996F2E00F162D0 /* findprime.cpp */,
			);
			path = findprime;
			sourceTree = "<group>";
		};
		CEA5A0BB26997C5D00F162D0 /* pinarynum */ = {
			isa = PBXGroup;
			children = (
				CEA5A0BC26997C6E00F162D0 /* pinarynum.cpp */,
			);
			path = pinarynum;
			sourceTree = "<group>";
		};
		CEA5A0BF2699876F00F162D0 /* kthnum */ = {
			isa = PBXGroup;
			children = (
				CEA5A0C02699877D00F162D0 /* kthnum.cpp */,
			);
			path = kthnum;
			sourceTree = "<group>";
		};
		CEA5A0C2269988B800F162D0 /* connectcount */ = {
			isa = PBXGroup;
			children = (
				CEA5A0C3269988C700F162D0 /* connectcount.cpp */,
			);
			path = connectcount;
			sourceTree = "<group>";
		};
		CEA5A0C5269999C900F162D0 /* changemoney */ = {
			isa = PBXGroup;
			children = (
				CEA5A0C6269999E500F162D0 /* changemoney.cpp */,
			);
			path = changemoney;
			sourceTree = "<group>";
		};
		CEA5A0CA269AC57B00F162D0 /* notlistensee */ = {
			isa = PBXGroup;
			children = (
				CEA5A0CB269AC59300F162D0 /* notlistensee.cpp */,
			);
			path = notlistensee;
			sourceTree = "<group>";
		};
		CEA5A0CD269AD20200F162D0 /* 123plus5 */ = {
			isa = PBXGroup;
			children = (
				CEA5A0CE269AD21100F162D0 /* 123plus5.cpp */,
			);
			path = 123plus5;
			sourceTree = "<group>";
		};
		CEA5A0D0269AD6F300F162D0 /* jumpjump */ = {
			isa = PBXGroup;
			children = (
				CEA5A0D1269AD70300F162D0 /* jumpjump.cpp */,
			);
			path = jumpjump;
			sourceTree = "<group>";
		};
		CEA5A0D3269ADB8B00F162D0 /* fullmarathoner */ = {
			isa = PBXGroup;
			children = (
				CEA5A0D4269ADBA600F162D0 /* fullmarathoner.cpp */,
			);
			path = fullmarathoner;
			sourceTree = "<group>";
		};
		CEA5A0D6269AE40A00F162D0 /* findprime2 */ = {
			isa = PBXGroup;
			children = (
				CEA5A0D7269AE41D00F162D0 /* findprime2.cpp */,
			);
			path = findprime2;
			sourceTree = "<group>";
		};
		CEA5A0D9269AE80400F162D0 /* f7 */ = {
			isa = PBXGroup;
			children = (
				CEA5A0DA269AE80F00F162D0 /* f7.cpp */,
			);
			path = f7;
			sourceTree = "<group>";
		};
		CEA5A0DD269C0F5C00F162D0 /* islandcount */ = {
			isa = PBXGroup;
			children = (
				CEA5A0DE269C0F6E00F162D0 /* islandcount.cpp */,
			);
			path = islandcount;
			sourceTree = "<group>";
		};
		CEA5A0E0269C160000F162D0 /* tomato2 */ = {
			isa = PBXGroup;
			children = (
				CEA5A0E1269C160C00F162D0 /* tomato2.cpp */,
			);
			path = tomato2;
			sourceTree = "<group>";
		};
		CEA5A0E3269D276C00F162D0 /* treasureisland */ = {
			isa = PBXGroup;
			children = (
				CEA5A0E4269D278400F162D0 /* treasureisland.cpp */,
			);
			path = treasureisland;
			sourceTree = "<group>";
		};
		CEA5A0E6269D930C00F162D0 /* knightmove */ = {
			isa = PBXGroup;
			children = (
				CEA5A0E7269D932900F162D0 /* knightmove.cpp */,
			);
			path = knightmove;
			sourceTree = "<group>";
		};
		CEC67ED02663A062007CB0E3 = {
			isa = PBXGroup;
			children = (
				CEC67EDB2663A062007CB0E3 /* algorithm */,
				CEC67EDA2663A062007CB0E3 /* Products */,
			);
			sourceTree = "<group>";
		};
		CEC67EDA2663A062007CB0E3 /* Products */ = {
			isa = PBXGroup;
			children = (
				CEC67ED92663A062007CB0E3 /* algorithm */,
			);
			name = Products;
			sourceTree = "<group>";
		};
		CEC67EDB2663A062007CB0E3 /* algorithm */ = {
			isa = PBXGroup;
			children = (
				C8AAA02827903C58003A04AE /* putcard */,
				C8AAA02527901FDF003A04AE /* arithmetic_num */,
				C8AAA022278D24F1003A04AE /* fillchess */,
				CE9039C226C6552300A36F0A /* connectisland */,
				CED157D626BEAD74007B57E2 /* password */,
				CED157D326BEA030007B57E2 /* tomatoo */,
				CED157D026BE9AF0007B57E2 /* stairnumber */,
				CED157CD26BE91CC007B57E2 /* mooo */,
				CED157CA26BE8D11007B57E2 /* lottos */,
				CED157C726BD142F007B57E2 /* bridgetruck */,
				CED4875926B7E4D60086E0F2 /* diffmax */,
				CED4875626B7E24E0086E0F2 /* zooo */,
				CED4875326B7DE030086E0F2 /* landcount */,
				CED4875026B7DBE60086E0F2 /* jmpjmp */,
				CEA1025D26B7D24A00B4E291 /* cantor */,
				CE78587826B6605F00CF0519 /* coin1 */,
				CE78587526B64D0E00CF0519 /* kinship */,
				CE78587226B591C800CF0519 /* newemployee */,
				CE78586F26B58E3700CF0519 /* microwave */,
				CE78586C26B5496600CF0519 /* allowance */,
				CE78586926B53E7700CF0519 /* immigration */,
				CE78586626B526F100CF0519 /* game */,
				CEFA664326B4195000C533E5 /* lan */,
				CEF42AC626B1453B00157985 /* guitarlesson */,
				CEFA663026AEF6CA00C533E5 /* hanoi2 */,
				CEF42AC326AE6C3600157985 /* filltile */,
				CEFA661826AC552800C533E5 /* drinkwine */,
				CEFA661326AC550B00C533E5 /* hanoitop */,
				CEFA660E26AC54F500C533E5 /* 2ntiling2 */,
				CEF42AC026A8189C00157985 /* cuttree */,
				CEF42ABD26A7B79500157985 /* installrouter */,
				CE82BEA726A2866C00ED48AA /* findnum */,
				CE7E082826A1628600F5119D /* seqsort */,
				CE7E082526A1572000F5119D /* grapewine */,
				CE7E082226A1517E00F5119D /* easystair */,
				CE7E081F26A1436A00F5119D /* makeone */,
				CE7E081C26A13FD100F5119D /* printerqueue */,
				CE7E081926A13D0800F5119D /* numcard2 */,
				CEA5A0E6269D930C00F162D0 /* knightmove */,
				CEA5A0E3269D276C00F162D0 /* treasureisland */,
				CE82BEA0269C829400ED48AA /* getarea */,
				CEA5A0E0269C160000F162D0 /* tomato2 */,
				CEA5A0DD269C0F5C00F162D0 /* islandcount */,
				CEA5A0D9269AE80400F162D0 /* f7 */,
				CEA5A0D6269AE40A00F162D0 /* findprime2 */,
				CEA5A0D3269ADB8B00F162D0 /* fullmarathoner */,
				CEA5A0D0269AD6F300F162D0 /* jumpjump */,
				CEA5A0CD269AD20200F162D0 /* 123plus5 */,
				CEA5A0CA269AC57B00F162D0 /* notlistensee */,
				CEA5A0C5269999C900F162D0 /* changemoney */,
				CEA5A0C2269988B800F162D0 /* connectcount */,
				CEA5A0BF2699876F00F162D0 /* kthnum */,
				CEA5A0BB26997C5D00F162D0 /* pinarynum */,
				CEA5A0B826996F1F00F162D0 /* findprime */,
				CEA5A0B2269814E600F162D0 /* printerq */,
				CEA5A0AF2697DC6E00F162D0 /* missingbracket */,
				CE82BE992696877800ED48AA /* primenum */,
				CE82BE93269683C700ED48AA /* pluscycle */,
				CED9BB7726959535000651FD /* print */,
				CED9BB7426958225000651FD /* nm5 */,
				CED9BB7126957FD8000651FD /* nm4 */,
				CED9BB6E26957C6E000651FD /* nm3 */,
				CED9BB6B269579FA000651FD /* nm2 */,
				CED9BB6826956B4F000651FD /* nm1 */,
				CED9BB6526947263000651FD /* concatnum */,
				CED9BB622694447A000651FD /* safezone */,
				CED9BB5F2692E4E4000651FD /* wallbreakmove */,
				CED9BB5C2692D714000651FD /* rgblind */,
				CED9BB592692A265000651FD /* laboratory */,
				CEE83BDC268EC47600D8FC05 /* cabbage */,
				CEE83BD6268EAF9E00D8FC05 /* hidenseek */,
				CE6CE359268E99FC00955654 /* complexnum */,
				CE6CE352268E8B1C00955654 /* tomato */,
				CE6CE34C268DD1FD00955654 /* miro */,
				CE6CE346268D871400955654 /* dfsbfs */,
				CE6CE340268C4CB400955654 /* startlink */,
				CED9BB532689876A000651FD /* oneline */,
				CE7A9ACF26871E9300166711 /* stemcell */,
				CED9BB502685BB8A000651FD /* z */,
				CED9BB4A2682D212000651FD /* gamemap */,
				CED9BB472681E150000651FD /* mergesort */,
				CED9BB442681CA77000651FD /* targetnumber */,
				CED9BB4126819D2E000651FD /* stringzip */,
				CED9BB3E268082A3000651FD /* openchat */,
				CED9BB3B268052FC000651FD /* groupphoto */,
				CED9BB38267B56F8000651FD /* LCS */,
				CED9BB35267B00D7000651FD /* AC */,
				CE7A9AC026798FF000166711 /* dartgame */,
				CED9BB322678C3D7000651FD /* primesum */,
				CED9BB2F26788CAD000651FD /* secretmap */,
				CED9BB2C26787C1E000651FD /* ternary */,
				CED9BB292678757E000651FD /* failure */,
				CE7A9AB726778E6D00166711 /* groupword */,
				CED9BB26267741C2000651FD /* makeprime */,
				CED9BB2326772E97000651FD /* notfinish_player */,
				CED9BB202676F811000651FD /* recommendid */,
				CED9BB1D2676E6A7000651FD /* pick_twonum */,
				CED9BB1A2676E3CE000651FD /* keypad */,
				CED9BB172676E3A8000651FD /* lotto */,
				CED9BB142676E382000651FD /* cranedoll */,
				CED9BB112676E351000651FD /* gymcloth */,
				CED9BB0E2676E32A000651FD /* trialexam */,
				CED9BAF7266F0BDD000651FD /* diet */,
				CE00F6E8266E0DD800609EEA /* selectnum */,
				CE00F6E1266DC2DF00609EEA /* sushi */,
				CE7A9AAA266B8A7600166711 /* jewelbox */,
				CE7558B7266913A300496288 /* numcard */,
				CE7558B126690B6B00496288 /* duparr */,
				CE7558AC2668B23000496288 /* balloonfactory */,
				CE7558A5266898EE00496288 /* beerfest */,
				CE2641FC2666267A001E2A7C /* lecroom */,
				CE2641F62664C4D8001E2A7C /* library */,
				CE2641EE26646FF7001E2A7C /* budget */,
				CE7558912663A4B000496288 /* symmetricdiff */,
				CE75588C2663A48600496288 /* line */,
				CE7558872663A46200496288 /* twobox */,
				CE7558812663A3A700496288 /* palindrome2 */,
				CEC680602663A15D007CB0E3 /* 123sum */,
				CEC680112663A15B007CB0E3 /* antenna */,
				CEC6805B2663A15D007CB0E3 /* assignment */,
				CEC6808F2663A15F007CB0E3 /* binary */,
				CEC680822663A15E007CB0E3 /* boardcover */,
				CEC6800D2663A15B007CB0E3 /* book */,
				CEC680512663A15D007CB0E3 /* bridge */,
				CEC680222663A15B007CB0E3 /* busroute */,
				CEC680942663A15F007CB0E3 /* cantorset */,
				CEC680782663A15E007CB0E3 /* card */,
				CEC6800F2663A15B007CB0E3 /* card2 */,
				CEC680452663A15C007CB0E3 /* cardunion */,
				CEC6807B2663A15E007CB0E3 /* carrot */,
				CEC680272663A15B007CB0E3 /* change */,
				CEC6809A2663A15F007CB0E3 /* clocksync */,
				CEC680892663A15E007CB0E3 /* comb */,
				CEC680052663A15A007CB0E3 /* ct */,
				CEC6803C2663A15C007CB0E3 /* dwarf */,
				CEC680762663A15E007CB0E3 /* fashion */,
				CEC680672663A15D007CB0E3 /* fibonacci */,
				CEC680872663A15E007CB0E3 /* fibonacci5 */,
				CEC680592663A15D007CB0E3 /* fillbox */,
				CEC680242663A15B007CB0E3 /* filloil */,
				CEC680972663A15F007CB0E3 /* guitar */,
				CEC6802F2663A15C007CB0E3 /* hanoi */,
				CEC680072663A15B007CB0E3 /* heap */,
				CEC680182663A15B007CB0E3 /* joinlis */,
				CEC6809F2663A15F007CB0E3 /* jumpgame */,
				CEC6806E2663A15E007CB0E3 /* keylogger */,
				CEC6802B2663A15C007CB0E3 /* kmp */,
				CEC680AB2663A160007CB0E3 /* longestIncSeq */,
				CEC680542663A15D007CB0E3 /* matrix */,
				CEC680012663A15A007CB0E3 /* maxdiff */,
				CEC6802D2663A15C007CB0E3 /* memoryking */,
				CEC680A12663A15F007CB0E3 /* memsettest */,
				CEC680292663A15B007CB0E3 /* moogame */,
				CEC680A72663A15F007CB0E3 /* palindrome */,
				CEC6803A2663A15C007CB0E3 /* papercount */,
				CEC680322663A15C007CB0E3 /* picnic */,
				CEC680152663A15B007CB0E3 /* quadtree */,
				CEC6806A2663A15D007CB0E3 /* queue */,
				CEC680A92663A15F007CB0E3 /* queue2 */,
				CEC6807F2663A15E007CB0E3 /* rectangle */,
				CEC6806C2663A15E007CB0E3 /* resignation */,
				CEC680202663A15B007CB0E3 /* rich */,
				CEC6804F2663A15D007CB0E3 /* rich2 */,
				CEC680742663A15E007CB0E3 /* roomnum */,
				CEC680702663A15E007CB0E3 /* samenum */,
				CEC680372663A15C007CB0E3 /* serialnum */,
				CEC680132663A15B007CB0E3 /* spica */,
				CEC680572663A15D007CB0E3 /* stair */,
				CEC680432663A15C007CB0E3 /* star18 */,
				CEC6800A2663A15B007CB0E3 /* stoneBridge */,
				CEC6801A2663A15B007CB0E3 /* submarine */,
				CEC6805D2663A15D007CB0E3 /* theater */,
				CEC680642663A15D007CB0E3 /* tile */,
				CEC680412663A15C007CB0E3 /* triangle */,
				CEC680722663A15E007CB0E3 /* trianglepath */,
				CEC6808C2663A15F007CB0E3 /* uphill */,
				CEC67FFF2663A15A007CB0E3 /* virus */,
				CEC6807D2663A15E007CB0E3 /* wave_seq */,
				CEC680482663A15C007CB0E3 /* wildcard */,
				CEC6801C2663A15B007CB0E3 /* wine */,
				CEC6803F2663A15C007CB0E3 /* zero */,
				CEC6804B2663A15C007CB0E3 /* zoo */,
			);
			path = algorithm;
			sourceTree = "<group>";
		};
		CEC67FFF2663A15A007CB0E3 /* virus */ = {
			isa = PBXGroup;
			children = (
				CEC680002663A15A007CB0E3 /* virus.cpp */,
			);
			path = virus;
			sourceTree = "<group>";
		};
		CEC680012663A15A007CB0E3 /* maxdiff */ = {
			isa = PBXGroup;
			children = (
				CEC680022663A15A007CB0E3 /* maxdiff_ws.cpp */,
				CEC680032663A15A007CB0E3 /* maxdiff.cpp */,
				CEC680042663A15A007CB0E3 /* maxdiff_test.cpp */,
			);
			path = maxdiff;
			sourceTree = "<group>";
		};
		CEC680052663A15A007CB0E3 /* ct */ = {
			isa = PBXGroup;
			children = (
				CEC680062663A15A007CB0E3 /* ct1.cpp */,
			);
			path = ct;
			sourceTree = "<group>";
		};
		CEC680072663A15B007CB0E3 /* heap */ = {
			isa = PBXGroup;
			children = (
				CEC680082663A15B007CB0E3 /* pq_ws.cpp */,
				CEC680092663A15B007CB0E3 /* pq_minheap.cpp */,
			);
			path = heap;
			sourceTree = "<group>";
		};
		CEC6800A2663A15B007CB0E3 /* stoneBridge */ = {
			isa = PBXGroup;
			children = (
				CEC6800B2663A15B007CB0E3 /* stoneBridge.cpp */,
			);
			path = stoneBridge;
			sourceTree = "<group>";
		};
		CEC6800D2663A15B007CB0E3 /* book */ = {
			isa = PBXGroup;
			children = (
				CEC6800E2663A15B007CB0E3 /* book.cpp */,
			);
			path = book;
			sourceTree = "<group>";
		};
		CEC6800F2663A15B007CB0E3 /* card2 */ = {
			isa = PBXGroup;
			children = (
				CEC680102663A15B007CB0E3 /* card2.cpp */,
			);
			path = card2;
			sourceTree = "<group>";
		};
		CEC680112663A15B007CB0E3 /* antenna */ = {
			isa = PBXGroup;
			children = (
				CEC680122663A15B007CB0E3 /* antenna.cpp */,
			);
			path = antenna;
			sourceTree = "<group>";
		};
		CEC680132663A15B007CB0E3 /* spica */ = {
			isa = PBXGroup;
			children = (
				CEC680142663A15B007CB0E3 /* spica.cpp */,
			);
			path = spica;
			sourceTree = "<group>";
		};
		CEC680152663A15B007CB0E3 /* quadtree */ = {
			isa = PBXGroup;
			children = (
				CEC680162663A15B007CB0E3 /* quadtree2.cpp */,
				CEC680172663A15B007CB0E3 /* quadtree.cpp */,
			);
			path = quadtree;
			sourceTree = "<group>";
		};
		CEC680182663A15B007CB0E3 /* joinlis */ = {
			isa = PBXGroup;
			children = (
				CEC680192663A15B007CB0E3 /* jlis.cpp */,
			);
			path = joinlis;
			sourceTree = "<group>";
		};
		CEC6801A2663A15B007CB0E3 /* submarine */ = {
			isa = PBXGroup;
			children = (
				CEC6801B2663A15B007CB0E3 /* submarine.cpp */,
			);
			path = submarine;
			sourceTree = "<group>";
		};
		CEC6801C2663A15B007CB0E3 /* wine */ = {
			isa = PBXGroup;
			children = (
				CEC6801D2663A15B007CB0E3 /* wine_ws.cpp */,
				CEC6801E2663A15B007CB0E3 /* wine_comp.cpp */,
				CEC6801F2663A15B007CB0E3 /* wine.cpp */,
			);
			path = wine;
			sourceTree = "<group>";
		};
		CEC680202663A15B007CB0E3 /* rich */ = {
			isa = PBXGroup;
			children = (
				CEC680212663A15B007CB0E3 /* rich2.cpp */,
			);
			path = rich;
			sourceTree = "<group>";
		};
		CEC680222663A15B007CB0E3 /* busroute */ = {
			isa = PBXGroup;
			children = (
				CEC680232663A15B007CB0E3 /* busroute.cpp */,
			);
			path = busroute;
			sourceTree = "<group>";
		};
		CEC680242663A15B007CB0E3 /* filloil */ = {
			isa = PBXGroup;
			children = (
				CEC680252663A15B007CB0E3 /* filloil.cpp */,
				CEC680262663A15B007CB0E3 /* filloil_ref.cpp */,
			);
			path = filloil;
			sourceTree = "<group>";
		};
		CEC680272663A15B007CB0E3 /* change */ = {
			isa = PBXGroup;
			children = (
				CEC680282663A15B007CB0E3 /* change.cpp */,
			);
			path = change;
			sourceTree = "<group>";
		};
		CEC680292663A15B007CB0E3 /* moogame */ = {
			isa = PBXGroup;
			children = (
				CEC6802A2663A15B007CB0E3 /* moogame.cpp */,
			);
			path = moogame;
			sourceTree = "<group>";
		};
		CEC6802B2663A15C007CB0E3 /* kmp */ = {
			isa = PBXGroup;
			children = (
				CEC6802C2663A15C007CB0E3 /* kmp.cpp */,
			);
			path = kmp;
			sourceTree = "<group>";
		};
		CEC6802D2663A15C007CB0E3 /* memoryking */ = {
			isa = PBXGroup;
			children = (
				CEC6802E2663A15C007CB0E3 /* memoryking.cpp */,
			);
			path = memoryking;
			sourceTree = "<group>";
		};
		CEC6802F2663A15C007CB0E3 /* hanoi */ = {
			isa = PBXGroup;
			children = (
				CEC680302663A15C007CB0E3 /* hanoi.cpp */,
				CEC680312663A15C007CB0E3 /* hanoi_rv.cpp */,
			);
			path = hanoi;
			sourceTree = "<group>";
		};
		CEC680322663A15C007CB0E3 /* picnic */ = {
			isa = PBXGroup;
			children = (
				CEC680332663A15C007CB0E3 /* picnic.cpp */,
				CEC680342663A15C007CB0E3 /* picnic_rv.cpp */,
				CEC680352663A15C007CB0E3 /* picnic3.cpp */,
				CEC680362663A15C007CB0E3 /* picnic2.cpp */,
			);
			path = picnic;
			sourceTree = "<group>";
		};
		CEC680372663A15C007CB0E3 /* serialnum */ = {
			isa = PBXGroup;
			children = (
				CEC680382663A15C007CB0E3 /* serialnum.cpp */,
				CEC680392663A15C007CB0E3 /* serialnum_ws.cpp */,
			);
			path = serialnum;
			sourceTree = "<group>";
		};
		CEC6803A2663A15C007CB0E3 /* papercount */ = {
			isa = PBXGroup;
			children = (
				CEC6803B2663A15C007CB0E3 /* papercount.cpp */,
			);
			path = papercount;
			sourceTree = "<group>";
		};
		CEC6803C2663A15C007CB0E3 /* dwarf */ = {
			isa = PBXGroup;
			children = (
				CEC6803D2663A15C007CB0E3 /* dwarf_ws.cpp */,
				CEC6803E2663A15C007CB0E3 /* dwarf.cpp */,
			);
			path = dwarf;
			sourceTree = "<group>";
		};
		CEC6803F2663A15C007CB0E3 /* zero */ = {
			isa = PBXGroup;
			children = (
				CEC680402663A15C007CB0E3 /* zero.cpp */,
			);
			path = zero;
			sourceTree = "<group>";
		};
		CEC680412663A15C007CB0E3 /* triangle */ = {
			isa = PBXGroup;
			children = (
				CEC680422663A15C007CB0E3 /* triangle.cpp */,
			);
			path = triangle;
			sourceTree = "<group>";
		};
		CEC680432663A15C007CB0E3 /* star18 */ = {
			isa = PBXGroup;
			children = (
				CEC680442663A15C007CB0E3 /* star18.cpp */,
			);
			path = star18;
			sourceTree = "<group>";
		};
		CEC680452663A15C007CB0E3 /* cardunion */ = {
			isa = PBXGroup;
			children = (
				CEC680462663A15C007CB0E3 /* cardunion.cpp */,
			);
			path = cardunion;
			sourceTree = "<group>";
		};
		CEC680482663A15C007CB0E3 /* wildcard */ = {
			isa = PBXGroup;
			children = (
				CEC680492663A15C007CB0E3 /* wildcard.cpp */,
				CEC6804A2663A15C007CB0E3 /* wildcard_dp.cpp */,
			);
			path = wildcard;
			sourceTree = "<group>";
		};
		CEC6804B2663A15C007CB0E3 /* zoo */ = {
			isa = PBXGroup;
			children = (
				CEC6804C2663A15C007CB0E3 /* zoo_ws.cpp */,
				CEC6804D2663A15C007CB0E3 /* zoo.cpp */,
			);
			path = zoo;
			sourceTree = "<group>";
		};
		CEC6804F2663A15D007CB0E3 /* rich2 */ = {
			isa = PBXGroup;
			children = (
				CEC680502663A15D007CB0E3 /* rich2.cpp */,
			);
			path = rich2;
			sourceTree = "<group>";
		};
		CEC680512663A15D007CB0E3 /* bridge */ = {
			isa = PBXGroup;
			children = (
				CEC680522663A15D007CB0E3 /* bridge_com.cpp */,
				CEC680532663A15D007CB0E3 /* bridge.cpp */,
			);
			path = bridge;
			sourceTree = "<group>";
		};
		CEC680542663A15D007CB0E3 /* matrix */ = {
			isa = PBXGroup;
			children = (
				CEC680552663A15D007CB0E3 /* matrix2.cpp */,
				CEC680562663A15D007CB0E3 /* matrix.cpp */,
			);
			path = matrix;
			sourceTree = "<group>";
		};
		CEC680572663A15D007CB0E3 /* stair */ = {
			isa = PBXGroup;
			children = (
				CEC680582663A15D007CB0E3 /* stair.cpp */,
			);
			path = stair;
			sourceTree = "<group>";
		};
		CEC680592663A15D007CB0E3 /* fillbox */ = {
			isa = PBXGroup;
			children = (
				CEC6805A2663A15D007CB0E3 /* fillbox.cpp */,
			);
			path = fillbox;
			sourceTree = "<group>";
		};
		CEC6805B2663A15D007CB0E3 /* assignment */ = {
			isa = PBXGroup;
			children = (
				CEC6805C2663A15D007CB0E3 /* assignment.cpp */,
			);
			path = assignment;
			sourceTree = "<group>";
		};
		CEC6805D2663A15D007CB0E3 /* theater */ = {
			isa = PBXGroup;
			children = (
				CEC6805E2663A15D007CB0E3 /* theater2.cpp */,
				CEC6805F2663A15D007CB0E3 /* theater.cpp */,
			);
			path = theater;
			sourceTree = "<group>";
		};
		CEC680602663A15D007CB0E3 /* 123sum */ = {
			isa = PBXGroup;
			children = (
				CEC680612663A15D007CB0E3 /* 123sum_topdown.cpp */,
				CEC680622663A15D007CB0E3 /* 123sum_bottomup.cpp */,
				CEC680632663A15D007CB0E3 /* 123sum_dp.cpp */,
			);
			path = 123sum;
			sourceTree = "<group>";
		};
		CEC680642663A15D007CB0E3 /* tile */ = {
			isa = PBXGroup;
			children = (
				CEC680652663A15D007CB0E3 /* tile_ws.cpp */,
				CEC680662663A15D007CB0E3 /* tile.cpp */,
			);
			path = tile;
			sourceTree = "<group>";
		};
		CEC680672663A15D007CB0E3 /* fibonacci */ = {
			isa = PBXGroup;
			children = (
				CEC680682663A15D007CB0E3 /* fibonacci_2.cpp */,
				CEC680692663A15D007CB0E3 /* fibonacci.cpp */,
			);
			path = fibonacci;
			sourceTree = "<group>";
		};
		CEC6806A2663A15D007CB0E3 /* queue */ = {
			isa = PBXGroup;
			children = (
				CEC6806B2663A15D007CB0E3 /* queue.cpp */,
			);
			path = queue;
			sourceTree = "<group>";
		};
		CEC6806C2663A15E007CB0E3 /* resignation */ = {
			isa = PBXGroup;
			children = (
				CEC6806D2663A15E007CB0E3 /* resignation.cpp */,
			);
			path = resignation;
			sourceTree = "<group>";
		};
		CEC6806E2663A15E007CB0E3 /* keylogger */ = {
			isa = PBXGroup;
			children = (
				CEC6806F2663A15E007CB0E3 /* keylogger.cpp */,
			);
			path = keylogger;
			sourceTree = "<group>";
		};
		CEC680702663A15E007CB0E3 /* samenum */ = {
			isa = PBXGroup;
			children = (
				CEC680712663A15E007CB0E3 /* samenum.cpp */,
			);
			path = samenum;
			sourceTree = "<group>";
		};
		CEC680722663A15E007CB0E3 /* trianglepath */ = {
			isa = PBXGroup;
			children = (
				CEC680732663A15E007CB0E3 /* trianglepath.cpp */,
			);
			path = trianglepath;
			sourceTree = "<group>";
		};
		CEC680742663A15E007CB0E3 /* roomnum */ = {
			isa = PBXGroup;
			children = (
				CEC680752663A15E007CB0E3 /* roomnum.cpp */,
			);
			path = roomnum;
			sourceTree = "<group>";
		};
		CEC680762663A15E007CB0E3 /* fashion */ = {
			isa = PBXGroup;
			children = (
				CEC680772663A15E007CB0E3 /* fashion.cpp */,
			);
			path = fashion;
			sourceTree = "<group>";
		};
		CEC680782663A15E007CB0E3 /* card */ = {
			isa = PBXGroup;
			children = (
				CEC680792663A15E007CB0E3 /* card.cpp */,
			);
			path = card;
			sourceTree = "<group>";
		};
		CEC6807B2663A15E007CB0E3 /* carrot */ = {
			isa = PBXGroup;
			children = (
				CEC6807C2663A15E007CB0E3 /* carrot.cpp */,
			);
			path = carrot;
			sourceTree = "<group>";
		};
		CEC6807D2663A15E007CB0E3 /* wave_seq */ = {
			isa = PBXGroup;
			children = (
				CEC6807E2663A15E007CB0E3 /* wave_seq.cpp */,
			);
			path = wave_seq;
			sourceTree = "<group>";
		};
		CEC6807F2663A15E007CB0E3 /* rectangle */ = {
			isa = PBXGroup;
			children = (
				CEC680802663A15E007CB0E3 /* rectangle2.cpp */,
				CEC680812663A15E007CB0E3 /* rectangle.cpp */,
			);
			path = rectangle;
			sourceTree = "<group>";
		};
		CEC680822663A15E007CB0E3 /* boardcover */ = {
			isa = PBXGroup;
			children = (
				CEC680832663A15E007CB0E3 /* boardcover.cpp */,
				CEC680842663A15E007CB0E3 /* boardcover_rv.cpp */,
				CEC680852663A15E007CB0E3 /* boardcover_hj.cpp */,
				CEC680862663A15E007CB0E3 /* boardcover_rv2.cpp */,
			);
			path = boardcover;
			sourceTree = "<group>";
		};
		CEC680872663A15E007CB0E3 /* fibonacci5 */ = {
			isa = PBXGroup;
			children = (
				CEC680882663A15E007CB0E3 /* fibonacci.cpp */,
			);
			path = fibonacci5;
			sourceTree = "<group>";
		};
		CEC680892663A15E007CB0E3 /* comb */ = {
			isa = PBXGroup;
			children = (
				CEC6808A2663A15E007CB0E3 /* combinationOf6.cpp */,
				CEC6808B2663A15E007CB0E3 /* combinationOf6ws.cpp */,
			);
			path = comb;
			sourceTree = "<group>";
		};
		CEC6808C2663A15F007CB0E3 /* uphill */ = {
			isa = PBXGroup;
			children = (
				CEC6808D2663A15F007CB0E3 /* uphill_ws.cpp */,
				CEC6808E2663A15F007CB0E3 /* uphill.cpp */,
			);
			path = uphill;
			sourceTree = "<group>";
		};
		CEC6808F2663A15F007CB0E3 /* binary */ = {
			isa = PBXGroup;
			children = (
				CEC680902663A15F007CB0E3 /* binary.cpp */,
				CEC680912663A15F007CB0E3 /* 10829.cpp */,
				CEC680922663A15F007CB0E3 /* binary_ws2.cpp */,
				CEC680932663A15F007CB0E3 /* binary_ws.cpp */,
			);
			path = binary;
			sourceTree = "<group>";
		};
		CEC680942663A15F007CB0E3 /* cantorset */ = {
			isa = PBXGroup;
			children = (
				CEC680952663A15F007CB0E3 /* cantorset.cpp */,
				CEC680962663A15F007CB0E3 /* cantorset2.cpp */,
			);
			path = cantorset;
			sourceTree = "<group>";
		};
		CEC680972663A15F007CB0E3 /* guitar */ = {
			isa = PBXGroup;
			children = (
				CEC680982663A15F007CB0E3 /* guitar.cpp */,
				CEC680992663A15F007CB0E3 /* guitar_ws.cpp */,
			);
			path = guitar;
			sourceTree = "<group>";
		};
		CEC6809A2663A15F007CB0E3 /* clocksync */ = {
			isa = PBXGroup;
			children = (
				CEC6809B2663A15F007CB0E3 /* clocksync_book.cpp */,
				CEC6809C2663A15F007CB0E3 /* clocksync.cpp */,
				CEC6809D2663A15F007CB0E3 /* clocksync_rv.cpp */,
				CEC6809E2663A15F007CB0E3 /* clocksync_rv2.cpp */,
			);
			path = clocksync;
			sourceTree = "<group>";
		};
		CEC6809F2663A15F007CB0E3 /* jumpgame */ = {
			isa = PBXGroup;
			children = (
				CEC680A02663A15F007CB0E3 /* jumpgame.cpp */,
			);
			path = jumpgame;
			sourceTree = "<group>";
		};
		CEC680A12663A15F007CB0E3 /* memsettest */ = {
			isa = PBXGroup;
			children = (
				CEC680A22663A15F007CB0E3 /* memset_arr.cpp */,
				CEC680A32663A15F007CB0E3 /* memset_arr.hpp */,
				CEC680A42663A15F007CB0E3 /* memset_struct.cpp */,
				CEC680A52663A15F007CB0E3 /* memsettest.cpp */,
				CEC680A62663A15F007CB0E3 /* arr_size.cpp */,
			);
			path = memsettest;
			sourceTree = "<group>";
		};
		CEC680A72663A15F007CB0E3 /* palindrome */ = {
			isa = PBXGroup;
			children = (
				CEC680A82663A15F007CB0E3 /* palindrome.cpp */,
			);
			path = palindrome;
			sourceTree = "<group>";
		};
		CEC680A92663A15F007CB0E3 /* queue2 */ = {
			isa = PBXGroup;
			children = (
				CEC680AA2663A15F007CB0E3 /* queue.cpp */,
			);
			path = queue2;
			sourceTree = "<group>";
		};
		CEC680AB2663A160007CB0E3 /* longestIncSeq */ = {
			isa = PBXGroup;
			children = (
				CEC680AC2663A160007CB0E3 /* lis.cpp */,
			);
			path = longestIncSeq;
			sourceTree = "<group>";
		};
		CED157C726BD142F007B57E2 /* bridgetruck */ = {
			isa = PBXGroup;
			children = (
				CED157C826BD143E007B57E2 /* bridgetruck.cpp */,
			);
			path = bridgetruck;
			sourceTree = "<group>";
		};
		CED157CA26BE8D11007B57E2 /* lottos */ = {
			isa = PBXGroup;
			children = (
				CED157CB26BE8D20007B57E2 /* lotto.cpp */,
			);
			path = lottos;
			sourceTree = "<group>";
		};
		CED157CD26BE91CC007B57E2 /* mooo */ = {
			isa = PBXGroup;
			children = (
				CED157CE26BE91D5007B57E2 /* mooo.cpp */,
			);
			path = mooo;
			sourceTree = "<group>";
		};
		CED157D026BE9AF0007B57E2 /* stairnumber */ = {
			isa = PBXGroup;
			children = (
				CED157D126BE9AFC007B57E2 /* stairnumber.cpp */,
			);
			path = stairnumber;
			sourceTree = "<group>";
		};
		CED157D326BEA030007B57E2 /* tomatoo */ = {
			isa = PBXGroup;
			children = (
				CED157D426BEA03C007B57E2 /* tomato.cpp */,
			);
			path = tomatoo;
			sourceTree = "<group>";
		};
		CED157D626BEAD74007B57E2 /* password */ = {
			isa = PBXGroup;
			children = (
				CED157D726BEAD80007B57E2 /* password.cpp */,
			);
			path = password;
			sourceTree = "<group>";
		};
		CED4875026B7DBE60086E0F2 /* jmpjmp */ = {
			isa = PBXGroup;
			children = (
				CED4875126B7DBF70086E0F2 /* jumpjump.cpp */,
			);
			path = jmpjmp;
			sourceTree = "<group>";
		};
		CED4875326B7DE030086E0F2 /* landcount */ = {
			isa = PBXGroup;
			children = (
				CED4875426B7DE0E0086E0F2 /* landcount.cpp */,
			);
			path = landcount;
			sourceTree = "<group>";
		};
		CED4875626B7E24E0086E0F2 /* zooo */ = {
			isa = PBXGroup;
			children = (
				CED4875726B7E2580086E0F2 /* zoo.cpp */,
			);
			path = zooo;
			sourceTree = "<group>";
		};
		CED4875926B7E4D60086E0F2 /* diffmax */ = {
			isa = PBXGroup;
			children = (
				CED4875A26B7E4E30086E0F2 /* diffmax.cpp */,
			);
			path = diffmax;
			sourceTree = "<group>";
		};
		CED9BAF7266F0BDD000651FD /* diet */ = {
			isa = PBXGroup;
			children = (
				CED9BAF8266F0BE9000651FD /* diet.cpp */,
			);
			path = diet;
			sourceTree = "<group>";
		};
		CED9BB0E2676E32A000651FD /* trialexam */ = {
			isa = PBXGroup;
			children = (
				CED9BB0F2676E339000651FD /* trialexam.cpp */,
			);
			path = trialexam;
			sourceTree = "<group>";
		};
		CED9BB112676E351000651FD /* gymcloth */ = {
			isa = PBXGroup;
			children = (
				CED9BB122676E366000651FD /* gymcloth.cpp */,
			);
			path = gymcloth;
			sourceTree = "<group>";
		};
		CED9BB142676E382000651FD /* cranedoll */ = {
			isa = PBXGroup;
			children = (
				CED9BB152676E398000651FD /* cranedoll.cpp */,
			);
			path = cranedoll;
			sourceTree = "<group>";
		};
		CED9BB172676E3A8000651FD /* lotto */ = {
			isa = PBXGroup;
			children = (
				CED9BB182676E3B3000651FD /* lotto.cpp */,
			);
			path = lotto;
			sourceTree = "<group>";
		};
		CED9BB1A2676E3CE000651FD /* keypad */ = {
			isa = PBXGroup;
			children = (
				CED9BB1B2676E3DF000651FD /* keypad.cpp */,
			);
			path = keypad;
			sourceTree = "<group>";
		};
		CED9BB1D2676E6A7000651FD /* pick_twonum */ = {
			isa = PBXGroup;
			children = (
				CED9BB1E2676E6B9000651FD /* pick_twonum.cpp */,
			);
			path = pick_twonum;
			sourceTree = "<group>";
		};
		CED9BB202676F811000651FD /* recommendid */ = {
			isa = PBXGroup;
			children = (
				CED9BB212676F826000651FD /* recommendid.cpp */,
			);
			path = recommendid;
			sourceTree = "<group>";
		};
		CED9BB2326772E97000651FD /* notfinish_player */ = {
			isa = PBXGroup;
			children = (
				CED9BB2426772EB3000651FD /* notfinish_player.cpp */,
			);
			path = notfinish_player;
			sourceTree = "<group>";
		};
		CED9BB26267741C2000651FD /* makeprime */ = {
			isa = PBXGroup;
			children = (
				CED9BB27267741CF000651FD /* makeprime.cpp */,
			);
			path = makeprime;
			sourceTree = "<group>";
		};
		CED9BB292678757E000651FD /* failure */ = {
			isa = PBXGroup;
			children = (
				CED9BB2A2678758B000651FD /* failure.cpp */,
			);
			path = failure;
			sourceTree = "<group>";
		};
		CED9BB2C26787C1E000651FD /* ternary */ = {
			isa = PBXGroup;
			children = (
				CED9BB2D26787C28000651FD /* ternary.cpp */,
			);
			path = ternary;
			sourceTree = "<group>";
		};
		CED9BB2F26788CAD000651FD /* secretmap */ = {
			isa = PBXGroup;
			children = (
				CED9BB3026788CB8000651FD /* secretmap.cpp */,
			);
			path = secretmap;
			sourceTree = "<group>";
		};
		CED9BB322678C3D7000651FD /* primesum */ = {
			isa = PBXGroup;
			children = (
				CED9BB332678C3EA000651FD /* primesum.cpp */,
			);
			path = primesum;
			sourceTree = "<group>";
		};
		CED9BB35267B00D7000651FD /* AC */ = {
			isa = PBXGroup;
			children = (
				CED9BB36267B00E5000651FD /* AC.cpp */,
			);
			path = AC;
			sourceTree = "<group>";
		};
		CED9BB38267B56F8000651FD /* LCS */ = {
			isa = PBXGroup;
			children = (
				CED9BB39267B5704000651FD /* LCS.cpp */,
			);
			path = LCS;
			sourceTree = "<group>";
		};
		CED9BB3B268052FC000651FD /* groupphoto */ = {
			isa = PBXGroup;
			children = (
				CED9BB3C2680530A000651FD /* groupphoto.cpp */,
			);
			path = groupphoto;
			sourceTree = "<group>";
		};
		CED9BB3E268082A3000651FD /* openchat */ = {
			isa = PBXGroup;
			children = (
				CED9BB3F268082B1000651FD /* openchat.cpp */,
			);
			path = openchat;
			sourceTree = "<group>";
		};
		CED9BB4126819D2E000651FD /* stringzip */ = {
			isa = PBXGroup;
			children = (
				CED9BB4226819D3E000651FD /* stringzip.cpp */,
			);
			path = stringzip;
			sourceTree = "<group>";
		};
		CED9BB442681CA77000651FD /* targetnumber */ = {
			isa = PBXGroup;
			children = (
				CED9BB452681CA86000651FD /* targetnumber.cpp */,
			);
			path = targetnumber;
			sourceTree = "<group>";
		};
		CED9BB472681E150000651FD /* mergesort */ = {
			isa = PBXGroup;
			children = (
				CED9BB482681E15C000651FD /* mergesort.cpp */,
			);
			path = mergesort;
			sourceTree = "<group>";
		};
		CED9BB4A2682D212000651FD /* gamemap */ = {
			isa = PBXGroup;
			children = (
				CED9BB4B2682D222000651FD /* gamemap.cpp */,
			);
			path = gamemap;
			sourceTree = "<group>";
		};
		CED9BB502685BB8A000651FD /* z */ = {
			isa = PBXGroup;
			children = (
				CED9BB512685BB96000651FD /* z.cpp */,
			);
			path = z;
			sourceTree = "<group>";
		};
		CED9BB532689876A000651FD /* oneline */ = {
			isa = PBXGroup;
			children = (
				CED9BB5426898779000651FD /* oneline.cpp */,
			);
			path = oneline;
			sourceTree = "<group>";
		};
		CED9BB592692A265000651FD /* laboratory */ = {
			isa = PBXGroup;
			children = (
				CED9BB5A2692A275000651FD /* laboratory.cpp */,
			);
			path = laboratory;
			sourceTree = "<group>";
		};
		CED9BB5C2692D714000651FD /* rgblind */ = {
			isa = PBXGroup;
			children = (
				CED9BB5D2692D735000651FD /* rgbline.cpp */,
			);
			path = rgblind;
			sourceTree = "<group>";
		};
		CED9BB5F2692E4E4000651FD /* wallbreakmove */ = {
			isa = PBXGroup;
			children = (
				CED9BB602692E4F3000651FD /* wallbreakmove.cpp */,
			);
			path = wallbreakmove;
			sourceTree = "<group>";
		};
		CED9BB622694447A000651FD /* safezone */ = {
			isa = PBXGroup;
			children = (
				CED9BB632694448A000651FD /* safezone.cpp */,
			);
			path = safezone;
			sourceTree = "<group>";
		};
		CED9BB6526947263000651FD /* concatnum */ = {
			isa = PBXGroup;
			children = (
				CED9BB66269472AC000651FD /* concatnum.cpp */,
			);
			path = concatnum;
			sourceTree = "<group>";
		};
		CED9BB6826956B4F000651FD /* nm1 */ = {
			isa = PBXGroup;
			children = (
				CED9BB6926956B60000651FD /* nm1.cpp */,
			);
			path = nm1;
			sourceTree = "<group>";
		};
		CED9BB6B269579FA000651FD /* nm2 */ = {
			isa = PBXGroup;
			children = (
				CED9BB6C26957A05000651FD /* nm2.cpp */,
			);
			path = nm2;
			sourceTree = "<group>";
		};
		CED9BB6E26957C6E000651FD /* nm3 */ = {
			isa = PBXGroup;
			children = (
				CED9BB6F26957C79000651FD /* nm3.cpp */,
			);
			path = nm3;
			sourceTree = "<group>";
		};
		CED9BB7126957FD8000651FD /* nm4 */ = {
			isa = PBXGroup;
			children = (
				CED9BB7226957FE2000651FD /* nm4.cpp */,
			);
			path = nm4;
			sourceTree = "<group>";
		};
		CED9BB7426958225000651FD /* nm5 */ = {
			isa = PBXGroup;
			children = (
				CED9BB752695822E000651FD /* nm5.cpp */,
			);
			path = nm5;
			sourceTree = "<group>";
		};
		CED9BB7726959535000651FD /* print */ = {
			isa = PBXGroup;
			children = (
				CED9BB7826959542000651FD /* print.cpp */,
			);
			path = print;
			sourceTree = "<group>";
		};
		CEE83BD6268EAF9E00D8FC05 /* hidenseek */ = {
			isa = PBXGroup;
			children = (
				CEE83BD7268EAFAB00D8FC05 /* hidenseek.cpp */,
			);
			path = hidenseek;
			sourceTree = "<group>";
		};
		CEE83BDC268EC47600D8FC05 /* cabbage */ = {
			isa = PBXGroup;
			children = (
				CEE83BDD268EC48400D8FC05 /* cabbage.cpp */,
			);
			path = cabbage;
			sourceTree = "<group>";
		};
		CEF42ABD26A7B79500157985 /* installrouter */ = {
			isa = PBXGroup;
			children = (
				CEF42ABE26A7B7A800157985 /* installrouter.cpp */,
			);
			path = installrouter;
			sourceTree = "<group>";
		};
		CEF42AC026A8189C00157985 /* cuttree */ = {
			isa = PBXGroup;
			children = (
				CEF42AC126A818AA00157985 /* cuttree.cpp */,
			);
			path = cuttree;
			sourceTree = "<group>";
		};
		CEF42AC326AE6C3600157985 /* filltile */ = {
			isa = PBXGroup;
			children = (
				CEF42AC426AE6C4700157985 /* filltile.cpp */,
			);
			path = filltile;
			sourceTree = "<group>";
		};
		CEF42AC626B1453B00157985 /* guitarlesson */ = {
			isa = PBXGroup;
			children = (
				CEF42AC726B1454E00157985 /* guitarlesson.cpp */,
			);
			path = guitarlesson;
			sourceTree = "<group>";
		};
		CEFA660E26AC54F500C533E5 /* 2ntiling2 */ = {
			isa = PBXGroup;
			children = (
				CEFA660F26AC550500C533E5 /* 2ntiling2.cpp */,
			);
			path = 2ntiling2;
			sourceTree = "<group>";
		};
		CEFA661326AC550B00C533E5 /* hanoitop */ = {
			isa = PBXGroup;
			children = (
				CEFA661426AC551700C533E5 /* hanoitop.cpp */,
			);
			path = hanoitop;
			sourceTree = "<group>";
		};
		CEFA661826AC552800C533E5 /* drinkwine */ = {
			isa = PBXGroup;
			children = (
				CEFA661926AC554700C533E5 /* drinkwine.cpp */,
			);
			path = drinkwine;
			sourceTree = "<group>";
		};
		CEFA663026AEF6CA00C533E5 /* hanoi2 */ = {
			isa = PBXGroup;
			children = (
				CEFA663126AEF6D700C533E5 /* hanoi2.cpp */,
			);
			path = hanoi2;
			sourceTree = "<group>";
		};
		CEFA664326B4195000C533E5 /* lan */ = {
			isa = PBXGroup;
			children = (
				CEFA664426B4195F00C533E5 /* lan.cpp */,
			);
			path = lan;
			sourceTree = "<group>";
		};
/* End PBXGroup section */

/* Begin PBXNativeTarget section */
		CEC67ED82663A062007CB0E3 /* algorithm */ = {
			isa = PBXNativeTarget;
			buildConfigurationList = CEC67EE02663A062007CB0E3 /* Build configuration list for PBXNativeTarget "algorithm" */;
			buildPhases = (
				CEC67ED52663A062007CB0E3 /* Sources */,
				CEC67ED62663A062007CB0E3 /* Frameworks */,
				CEC67ED72663A062007CB0E3 /* CopyFiles */,
			);
			buildRules = (
			);
			dependencies = (
			);
			name = algorithm;
			productName = algorithm;
			productReference = CEC67ED92663A062007CB0E3 /* algorithm */;
			productType = "com.apple.product-type.tool";
		};
/* End PBXNativeTarget section */

/* Begin PBXProject section */
		CEC67ED12663A062007CB0E3 /* Project object */ = {
			isa = PBXProject;
			attributes = {
				LastUpgradeCheck = 1250;
				TargetAttributes = {
					CEC67ED82663A062007CB0E3 = {
						CreatedOnToolsVersion = 12.4;
					};
				};
			};
			buildConfigurationList = CEC67ED42663A062007CB0E3 /* Build configuration list for PBXProject "algorithm" */;
			compatibilityVersion = "Xcode 9.3";
			developmentRegion = en;
			hasScannedForEncodings = 0;
			knownRegions = (
				en,
				Base,
			);
			mainGroup = CEC67ED02663A062007CB0E3;
			productRefGroup = CEC67EDA2663A062007CB0E3 /* Products */;
			projectDirPath = "";
			projectRoot = "";
			targets = (
				CEC67ED82663A062007CB0E3 /* algorithm */,
			);
		};
/* End PBXProject section */

/* Begin PBXSourcesBuildPhase section */
		CEC67ED52663A062007CB0E3 /* Sources */ = {
			isa = PBXSourcesBuildPhase;
			buildActionMask = 2147483647;
			files = (
				C8AAA02A27903C6E003A04AE /* putcard.cpp in Sources */,
			);
			runOnlyForDeploymentPostprocessing = 0;
		};
/* End PBXSourcesBuildPhase section */

/* Begin XCBuildConfiguration section */
		CEC67EDE2663A062007CB0E3 /* Debug */ = {
			isa = XCBuildConfiguration;
			buildSettings = {
				ALWAYS_SEARCH_USER_PATHS = NO;
				CLANG_ANALYZER_NONNULL = YES;
				CLANG_ANALYZER_NUMBER_OBJECT_CONVERSION = YES_AGGRESSIVE;
				CLANG_CXX_LANGUAGE_STANDARD = "gnu++14";
				CLANG_CXX_LIBRARY = "libc++";
				CLANG_ENABLE_MODULES = YES;
				CLANG_ENABLE_OBJC_ARC = YES;
				CLANG_ENABLE_OBJC_WEAK = YES;
				CLANG_WARN_BLOCK_CAPTURE_AUTORELEASING = YES;
				CLANG_WARN_BOOL_CONVERSION = YES;
				CLANG_WARN_COMMA = YES;
				CLANG_WARN_CONSTANT_CONVERSION = YES;
				CLANG_WARN_DEPRECATED_OBJC_IMPLEMENTATIONS = YES;
				CLANG_WARN_DIRECT_OBJC_ISA_USAGE = YES_ERROR;
				CLANG_WARN_DOCUMENTATION_COMMENTS = YES;
				CLANG_WARN_EMPTY_BODY = YES;
				CLANG_WARN_ENUM_CONVERSION = YES;
				CLANG_WARN_INFINITE_RECURSION = YES;
				CLANG_WARN_INT_CONVERSION = YES;
				CLANG_WARN_NON_LITERAL_NULL_CONVERSION = YES;
				CLANG_WARN_OBJC_IMPLICIT_RETAIN_SELF = YES;
				CLANG_WARN_OBJC_LITERAL_CONVERSION = YES;
				CLANG_WARN_OBJC_ROOT_CLASS = YES_ERROR;
				CLANG_WARN_QUOTED_INCLUDE_IN_FRAMEWORK_HEADER = YES;
				CLANG_WARN_RANGE_LOOP_ANALYSIS = YES;
				CLANG_WARN_STRICT_PROTOTYPES = YES;
				CLANG_WARN_SUSPICIOUS_MOVE = YES;
				CLANG_WARN_UNGUARDED_AVAILABILITY = YES_AGGRESSIVE;
				CLANG_WARN_UNREACHABLE_CODE = YES;
				CLANG_WARN__DUPLICATE_METHOD_MATCH = YES;
				COPY_PHASE_STRIP = NO;
				DEBUG_INFORMATION_FORMAT = dwarf;
				ENABLE_STRICT_OBJC_MSGSEND = YES;
				ENABLE_TESTABILITY = YES;
				GCC_C_LANGUAGE_STANDARD = gnu11;
				GCC_DYNAMIC_NO_PIC = NO;
				GCC_NO_COMMON_BLOCKS = YES;
				GCC_OPTIMIZATION_LEVEL = 0;
				GCC_PREPROCESSOR_DEFINITIONS = (
					"DEBUG=1",
					"$(inherited)",
				);
				GCC_WARN_64_TO_32_BIT_CONVERSION = YES;
				GCC_WARN_ABOUT_RETURN_TYPE = YES_ERROR;
				GCC_WARN_UNDECLARED_SELECTOR = YES;
				GCC_WARN_UNINITIALIZED_AUTOS = YES_AGGRESSIVE;
				GCC_WARN_UNUSED_FUNCTION = YES;
				GCC_WARN_UNUSED_VARIABLE = YES;
				MACOSX_DEPLOYMENT_TARGET = 11.3;
				MTL_ENABLE_DEBUG_INFO = INCLUDE_SOURCE;
				MTL_FAST_MATH = YES;
				ONLY_ACTIVE_ARCH = YES;
				SDKROOT = macosx;
			};
			name = Debug;
		};
		CEC67EDF2663A062007CB0E3 /* Release */ = {
			isa = XCBuildConfiguration;
			buildSettings = {
				ALWAYS_SEARCH_USER_PATHS = NO;
				CLANG_ANALYZER_NONNULL = YES;
				CLANG_ANALYZER_NUMBER_OBJECT_CONVERSION = YES_AGGRESSIVE;
				CLANG_CXX_LANGUAGE_STANDARD = "gnu++14";
				CLANG_CXX_LIBRARY = "libc++";
				CLANG_ENABLE_MODULES = YES;
				CLANG_ENABLE_OBJC_ARC = YES;
				CLANG_ENABLE_OBJC_WEAK = YES;
				CLANG_WARN_BLOCK_CAPTURE_AUTORELEASING = YES;
				CLANG_WARN_BOOL_CONVERSION = YES;
				CLANG_WARN_COMMA = YES;
				CLANG_WARN_CONSTANT_CONVERSION = YES;
				CLANG_WARN_DEPRECATED_OBJC_IMPLEMENTATIONS = YES;
				CLANG_WARN_DIRECT_OBJC_ISA_USAGE = YES_ERROR;
				CLANG_WARN_DOCUMENTATION_COMMENTS = YES;
				CLANG_WARN_EMPTY_BODY = YES;
				CLANG_WARN_ENUM_CONVERSION = YES;
				CLANG_WARN_INFINITE_RECURSION = YES;
				CLANG_WARN_INT_CONVERSION = YES;
				CLANG_WARN_NON_LITERAL_NULL_CONVERSION = YES;
				CLANG_WARN_OBJC_IMPLICIT_RETAIN_SELF = YES;
				CLANG_WARN_OBJC_LITERAL_CONVERSION = YES;
				CLANG_WARN_OBJC_ROOT_CLASS = YES_ERROR;
				CLANG_WARN_QUOTED_INCLUDE_IN_FRAMEWORK_HEADER = YES;
				CLANG_WARN_RANGE_LOOP_ANALYSIS = YES;
				CLANG_WARN_STRICT_PROTOTYPES = YES;
				CLANG_WARN_SUSPICIOUS_MOVE = YES;
				CLANG_WARN_UNGUARDED_AVAILABILITY = YES_AGGRESSIVE;
				CLANG_WARN_UNREACHABLE_CODE = YES;
				CLANG_WARN__DUPLICATE_METHOD_MATCH = YES;
				COPY_PHASE_STRIP = NO;
				DEBUG_INFORMATION_FORMAT = "dwarf-with-dsym";
				ENABLE_NS_ASSERTIONS = NO;
				ENABLE_STRICT_OBJC_MSGSEND = YES;
				GCC_C_LANGUAGE_STANDARD = gnu11;
				GCC_NO_COMMON_BLOCKS = YES;
				GCC_WARN_64_TO_32_BIT_CONVERSION = YES;
				GCC_WARN_ABOUT_RETURN_TYPE = YES_ERROR;
				GCC_WARN_UNDECLARED_SELECTOR = YES;
				GCC_WARN_UNINITIALIZED_AUTOS = YES_AGGRESSIVE;
				GCC_WARN_UNUSED_FUNCTION = YES;
				GCC_WARN_UNUSED_VARIABLE = YES;
				MACOSX_DEPLOYMENT_TARGET = 11.3;
				MTL_ENABLE_DEBUG_INFO = NO;
				MTL_FAST_MATH = YES;
				SDKROOT = macosx;
			};
			name = Release;
		};
		CEC67EE12663A062007CB0E3 /* Debug */ = {
			isa = XCBuildConfiguration;
			buildSettings = {
				CODE_SIGN_IDENTITY = "-";
				CODE_SIGN_STYLE = Automatic;
				PRODUCT_NAME = "$(TARGET_NAME)";
			};
			name = Debug;
		};
		CEC67EE22663A062007CB0E3 /* Release */ = {
			isa = XCBuildConfiguration;
			buildSettings = {
				CODE_SIGN_IDENTITY = "-";
				CODE_SIGN_STYLE = Automatic;
				PRODUCT_NAME = "$(TARGET_NAME)";
			};
			name = Release;
		};
/* End XCBuildConfiguration section */

/* Begin XCConfigurationList section */
		CEC67ED42663A062007CB0E3 /* Build configuration list for PBXProject "algorithm" */ = {
			isa = XCConfigurationList;
			buildConfigurations = (
				CEC67EDE2663A062007CB0E3 /* Debug */,
				CEC67EDF2663A062007CB0E3 /* Release */,
			);
			defaultConfigurationIsVisible = 0;
			defaultConfigurationName = Release;
		};
		CEC67EE02663A062007CB0E3 /* Build configuration list for PBXNativeTarget "algorithm" */ = {
			isa = XCConfigurationList;
			buildConfigurations = (
				CEC67EE12663A062007CB0E3 /* Debug */,
				CEC67EE22663A062007CB0E3 /* Release */,
			);
			defaultConfigurationIsVisible = 0;
			defaultConfigurationName = Release;
		};
/* End XCConfigurationList section */
	};
	rootObject = CEC67ED12663A062007CB0E3 /* Project object */;
}
