// !$*UTF8*$!
{
	archiveVersion = 1;
	classes = {
	};
	objectVersion = 50;
	objects = {

/* Begin PBXBuildFile section */
		CE00F6E3266DC2F000609EEA /* sushi.cpp in Sources */ = {isa = PBXBuildFile; fileRef = CE00F6E2266DC2F000609EEA /* sushi.cpp */; };
/* End PBXBuildFile section */

/* Begin PBXCopyFilesBuildPhase section */
		CEC67ED72663A062007CB0E3 /* CopyFiles */ = {
			isa = PBXCopyFilesBuildPhase;
			buildActionMask = 2147483647;
			dstPath = /usr/share/man/man1/;
			dstSubfolderSpec = 0;
			files = (
			);
			runOnlyForDeploymentPostprocessing = 1;
		};
/* End PBXCopyFilesBuildPhase section */

/* Begin PBXFileReference section */
		CE00F6E2266DC2F000609EEA /* sushi.cpp */ = {isa = PBXFileReference; lastKnownFileType = sourcecode.cpp.cpp; path = sushi.cpp; sourceTree = "<group>"; };
		CE2641EF26647006001E2A7C /* budget.cpp */ = {isa = PBXFileReference; lastKnownFileType = sourcecode.cpp.cpp; path = budget.cpp; sourceTree = "<group>"; };
		CE2641F72664C4E5001E2A7C /* library.cpp */ = {isa = PBXFileReference; lastKnownFileType = sourcecode.cpp.cpp; path = library.cpp; sourceTree = "<group>"; };
		CE2641FD26662687001E2A7C /* lecroom.cpp */ = {isa = PBXFileReference; lastKnownFileType = sourcecode.cpp.cpp; path = lecroom.cpp; sourceTree = "<group>"; };
		CE7558822663A3BD00496288 /* palidrome2.cpp */ = {isa = PBXFileReference; lastKnownFileType = sourcecode.cpp.cpp; path = palidrome2.cpp; sourceTree = "<group>"; };
		CE7558882663A47000496288 /* twobox.cpp */ = {isa = PBXFileReference; lastKnownFileType = sourcecode.cpp.cpp; path = twobox.cpp; sourceTree = "<group>"; };
		CE75588D2663A48F00496288 /* line.cpp */ = {isa = PBXFileReference; lastKnownFileType = sourcecode.cpp.cpp; path = line.cpp; sourceTree = "<group>"; };
		CE7558922663A4C100496288 /* set.cpp */ = {isa = PBXFileReference; lastKnownFileType = sourcecode.cpp.cpp; path = set.cpp; sourceTree = "<group>"; };
		CE7558982663A4EC00496288 /* unordered_set.cpp */ = {isa = PBXFileReference; lastKnownFileType = sourcecode.cpp.cpp; path = unordered_set.cpp; sourceTree = "<group>"; };
		CE75589B2663A50300496288 /* unordered_set_reserve.cpp */ = {isa = PBXFileReference; lastKnownFileType = sourcecode.cpp.cpp; path = unordered_set_reserve.cpp; sourceTree = "<group>"; };
		CE75589E2663A51800496288 /* vector_bs.cpp */ = {isa = PBXFileReference; lastKnownFileType = sourcecode.cpp.cpp; path = vector_bs.cpp; sourceTree = "<group>"; };
		CE7558A12663A52C00496288 /* array_bs.cpp */ = {isa = PBXFileReference; lastKnownFileType = sourcecode.cpp.cpp; path = array_bs.cpp; sourceTree = "<group>"; };
		CE7558A6266898FC00496288 /* beerfestival.cpp */ = {isa = PBXFileReference; lastKnownFileType = sourcecode.cpp.cpp; path = beerfestival.cpp; sourceTree = "<group>"; };
		CE7558AD2668B24700496288 /* balloonfactory.cpp */ = {isa = PBXFileReference; lastKnownFileType = sourcecode.cpp.cpp; path = balloonfactory.cpp; sourceTree = "<group>"; };
		CE7558B226690BA000496288 /* duparray.cpp */ = {isa = PBXFileReference; lastKnownFileType = sourcecode.cpp.cpp; path = duparray.cpp; sourceTree = "<group>"; };
		CE7558B8266913C300496288 /* numcard.cpp */ = {isa = PBXFileReference; lastKnownFileType = sourcecode.cpp.cpp; path = numcard.cpp; sourceTree = "<group>"; };
		CE7A9AAB266B8A8700166711 /* jewelbox.cpp */ = {isa = PBXFileReference; lastKnownFileType = sourcecode.cpp.cpp; path = jewelbox.cpp; sourceTree = "<group>"; };
		CEC67ED92663A062007CB0E3 /* algorithm */ = {isa = PBXFileReference; explicitFileType = "compiled.mach-o.executable"; includeInIndex = 0; path = algorithm; sourceTree = BUILT_PRODUCTS_DIR; };
		CEC680002663A15A007CB0E3 /* virus.cpp */ = {isa = PBXFileReference; fileEncoding = 4; lastKnownFileType = sourcecode.cpp.cpp; path = virus.cpp; sourceTree = "<group>"; };
		CEC680022663A15A007CB0E3 /* maxdiff_ws.cpp */ = {isa = PBXFileReference; fileEncoding = 4; lastKnownFileType = sourcecode.cpp.cpp; path = maxdiff_ws.cpp; sourceTree = "<group>"; };
		CEC680032663A15A007CB0E3 /* maxdiff.cpp */ = {isa = PBXFileReference; fileEncoding = 4; lastKnownFileType = sourcecode.cpp.cpp; path = maxdiff.cpp; sourceTree = "<group>"; };
		CEC680042663A15A007CB0E3 /* maxdiff_test.cpp */ = {isa = PBXFileReference; fileEncoding = 4; lastKnownFileType = sourcecode.cpp.cpp; path = maxdiff_test.cpp; sourceTree = "<group>"; };
		CEC680062663A15A007CB0E3 /* ct1.cpp */ = {isa = PBXFileReference; fileEncoding = 4; lastKnownFileType = sourcecode.cpp.cpp; path = ct1.cpp; sourceTree = "<group>"; };
		CEC680082663A15B007CB0E3 /* pq_ws.cpp */ = {isa = PBXFileReference; fileEncoding = 4; lastKnownFileType = sourcecode.cpp.cpp; path = pq_ws.cpp; sourceTree = "<group>"; };
		CEC680092663A15B007CB0E3 /* pq_minheap.cpp */ = {isa = PBXFileReference; fileEncoding = 4; lastKnownFileType = sourcecode.cpp.cpp; path = pq_minheap.cpp; sourceTree = "<group>"; };
		CEC6800B2663A15B007CB0E3 /* stoneBridge.cpp */ = {isa = PBXFileReference; fileEncoding = 4; lastKnownFileType = sourcecode.cpp.cpp; path = stoneBridge.cpp; sourceTree = "<group>"; };
		CEC6800E2663A15B007CB0E3 /* book.cpp */ = {isa = PBXFileReference; fileEncoding = 4; lastKnownFileType = sourcecode.cpp.cpp; path = book.cpp; sourceTree = "<group>"; };
		CEC680102663A15B007CB0E3 /* card2.cpp */ = {isa = PBXFileReference; fileEncoding = 4; lastKnownFileType = sourcecode.cpp.cpp; path = card2.cpp; sourceTree = "<group>"; };
		CEC680122663A15B007CB0E3 /* antenna.cpp */ = {isa = PBXFileReference; fileEncoding = 4; lastKnownFileType = sourcecode.cpp.cpp; path = antenna.cpp; sourceTree = "<group>"; };
		CEC680142663A15B007CB0E3 /* spica.cpp */ = {isa = PBXFileReference; fileEncoding = 4; lastKnownFileType = sourcecode.cpp.cpp; path = spica.cpp; sourceTree = "<group>"; };
		CEC680162663A15B007CB0E3 /* quadtree2.cpp */ = {isa = PBXFileReference; fileEncoding = 4; lastKnownFileType = sourcecode.cpp.cpp; path = quadtree2.cpp; sourceTree = "<group>"; };
		CEC680172663A15B007CB0E3 /* quadtree.cpp */ = {isa = PBXFileReference; fileEncoding = 4; lastKnownFileType = sourcecode.cpp.cpp; path = quadtree.cpp; sourceTree = "<group>"; };
		CEC680192663A15B007CB0E3 /* jlis.cpp */ = {isa = PBXFileReference; fileEncoding = 4; lastKnownFileType = sourcecode.cpp.cpp; path = jlis.cpp; sourceTree = "<group>"; };
		CEC6801B2663A15B007CB0E3 /* submarine.cpp */ = {isa = PBXFileReference; fileEncoding = 4; lastKnownFileType = sourcecode.cpp.cpp; path = submarine.cpp; sourceTree = "<group>"; };
		CEC6801D2663A15B007CB0E3 /* wine_ws.cpp */ = {isa = PBXFileReference; fileEncoding = 4; lastKnownFileType = sourcecode.cpp.cpp; path = wine_ws.cpp; sourceTree = "<group>"; };
		CEC6801E2663A15B007CB0E3 /* wine_comp.cpp */ = {isa = PBXFileReference; fileEncoding = 4; lastKnownFileType = sourcecode.cpp.cpp; path = wine_comp.cpp; sourceTree = "<group>"; };
		CEC6801F2663A15B007CB0E3 /* wine.cpp */ = {isa = PBXFileReference; fileEncoding = 4; lastKnownFileType = sourcecode.cpp.cpp; path = wine.cpp; sourceTree = "<group>"; };
		CEC680212663A15B007CB0E3 /* rich2.cpp */ = {isa = PBXFileReference; fileEncoding = 4; lastKnownFileType = sourcecode.cpp.cpp; path = rich2.cpp; sourceTree = "<group>"; };
		CEC680232663A15B007CB0E3 /* busroute.cpp */ = {isa = PBXFileReference; fileEncoding = 4; lastKnownFileType = sourcecode.cpp.cpp; path = busroute.cpp; sourceTree = "<group>"; };
		CEC680252663A15B007CB0E3 /* filloil.cpp */ = {isa = PBXFileReference; fileEncoding = 4; lastKnownFileType = sourcecode.cpp.cpp; path = filloil.cpp; sourceTree = "<group>"; };
		CEC680262663A15B007CB0E3 /* filloil_ref.cpp */ = {isa = PBXFileReference; fileEncoding = 4; lastKnownFileType = sourcecode.cpp.cpp; path = filloil_ref.cpp; sourceTree = "<group>"; };
		CEC680282663A15B007CB0E3 /* change.cpp */ = {isa = PBXFileReference; fileEncoding = 4; lastKnownFileType = sourcecode.cpp.cpp; path = change.cpp; sourceTree = "<group>"; };
		CEC6802A2663A15B007CB0E3 /* moogame.cpp */ = {isa = PBXFileReference; fileEncoding = 4; lastKnownFileType = sourcecode.cpp.cpp; path = moogame.cpp; sourceTree = "<group>"; };
		CEC6802C2663A15C007CB0E3 /* kmp.cpp */ = {isa = PBXFileReference; fileEncoding = 4; lastKnownFileType = sourcecode.cpp.cpp; path = kmp.cpp; sourceTree = "<group>"; };
		CEC6802E2663A15C007CB0E3 /* memoryking.cpp */ = {isa = PBXFileReference; fileEncoding = 4; lastKnownFileType = sourcecode.cpp.cpp; path = memoryking.cpp; sourceTree = "<group>"; };
		CEC680302663A15C007CB0E3 /* hanoi.cpp */ = {isa = PBXFileReference; fileEncoding = 4; lastKnownFileType = sourcecode.cpp.cpp; path = hanoi.cpp; sourceTree = "<group>"; };
		CEC680312663A15C007CB0E3 /* hanoi_rv.cpp */ = {isa = PBXFileReference; fileEncoding = 4; lastKnownFileType = sourcecode.cpp.cpp; path = hanoi_rv.cpp; sourceTree = "<group>"; };
		CEC680332663A15C007CB0E3 /* picnic.cpp */ = {isa = PBXFileReference; fileEncoding = 4; lastKnownFileType = sourcecode.cpp.cpp; path = picnic.cpp; sourceTree = "<group>"; };
		CEC680342663A15C007CB0E3 /* picnic_rv.cpp */ = {isa = PBXFileReference; fileEncoding = 4; lastKnownFileType = sourcecode.cpp.cpp; path = picnic_rv.cpp; sourceTree = "<group>"; };
		CEC680352663A15C007CB0E3 /* picnic3.cpp */ = {isa = PBXFileReference; fileEncoding = 4; lastKnownFileType = sourcecode.cpp.cpp; path = picnic3.cpp; sourceTree = "<group>"; };
		CEC680362663A15C007CB0E3 /* picnic2.cpp */ = {isa = PBXFileReference; fileEncoding = 4; lastKnownFileType = sourcecode.cpp.cpp; path = picnic2.cpp; sourceTree = "<group>"; };
		CEC680382663A15C007CB0E3 /* serialnum.cpp */ = {isa = PBXFileReference; fileEncoding = 4; lastKnownFileType = sourcecode.cpp.cpp; path = serialnum.cpp; sourceTree = "<group>"; };
		CEC680392663A15C007CB0E3 /* serialnum_ws.cpp */ = {isa = PBXFileReference; fileEncoding = 4; lastKnownFileType = sourcecode.cpp.cpp; path = serialnum_ws.cpp; sourceTree = "<group>"; };
		CEC6803B2663A15C007CB0E3 /* papercount.cpp */ = {isa = PBXFileReference; fileEncoding = 4; lastKnownFileType = sourcecode.cpp.cpp; path = papercount.cpp; sourceTree = "<group>"; };
		CEC6803D2663A15C007CB0E3 /* dwarf_ws.cpp */ = {isa = PBXFileReference; fileEncoding = 4; lastKnownFileType = sourcecode.cpp.cpp; path = dwarf_ws.cpp; sourceTree = "<group>"; };
		CEC6803E2663A15C007CB0E3 /* dwarf.cpp */ = {isa = PBXFileReference; fileEncoding = 4; lastKnownFileType = sourcecode.cpp.cpp; path = dwarf.cpp; sourceTree = "<group>"; };
		CEC680402663A15C007CB0E3 /* zero.cpp */ = {isa = PBXFileReference; fileEncoding = 4; lastKnownFileType = sourcecode.cpp.cpp; path = zero.cpp; sourceTree = "<group>"; };
		CEC680422663A15C007CB0E3 /* triangle.cpp */ = {isa = PBXFileReference; fileEncoding = 4; lastKnownFileType = sourcecode.cpp.cpp; path = triangle.cpp; sourceTree = "<group>"; };
		CEC680442663A15C007CB0E3 /* star18.cpp */ = {isa = PBXFileReference; fileEncoding = 4; lastKnownFileType = sourcecode.cpp.cpp; path = star18.cpp; sourceTree = "<group>"; };
		CEC680462663A15C007CB0E3 /* cardunion.cpp */ = {isa = PBXFileReference; fileEncoding = 4; lastKnownFileType = sourcecode.cpp.cpp; path = cardunion.cpp; sourceTree = "<group>"; };
		CEC680492663A15C007CB0E3 /* wildcard.cpp */ = {isa = PBXFileReference; fileEncoding = 4; lastKnownFileType = sourcecode.cpp.cpp; path = wildcard.cpp; sourceTree = "<group>"; };
		CEC6804A2663A15C007CB0E3 /* wildcard_dp.cpp */ = {isa = PBXFileReference; fileEncoding = 4; lastKnownFileType = sourcecode.cpp.cpp; path = wildcard_dp.cpp; sourceTree = "<group>"; };
		CEC6804C2663A15C007CB0E3 /* zoo_ws.cpp */ = {isa = PBXFileReference; fileEncoding = 4; lastKnownFileType = sourcecode.cpp.cpp; path = zoo_ws.cpp; sourceTree = "<group>"; };
		CEC6804D2663A15C007CB0E3 /* zoo.cpp */ = {isa = PBXFileReference; fileEncoding = 4; lastKnownFileType = sourcecode.cpp.cpp; path = zoo.cpp; sourceTree = "<group>"; };
		CEC680502663A15D007CB0E3 /* rich2.cpp */ = {isa = PBXFileReference; fileEncoding = 4; lastKnownFileType = sourcecode.cpp.cpp; path = rich2.cpp; sourceTree = "<group>"; };
		CEC680522663A15D007CB0E3 /* bridge_com.cpp */ = {isa = PBXFileReference; fileEncoding = 4; lastKnownFileType = sourcecode.cpp.cpp; path = bridge_com.cpp; sourceTree = "<group>"; };
		CEC680532663A15D007CB0E3 /* bridge.cpp */ = {isa = PBXFileReference; fileEncoding = 4; lastKnownFileType = sourcecode.cpp.cpp; path = bridge.cpp; sourceTree = "<group>"; };
		CEC680552663A15D007CB0E3 /* matrix2.cpp */ = {isa = PBXFileReference; fileEncoding = 4; lastKnownFileType = sourcecode.cpp.cpp; path = matrix2.cpp; sourceTree = "<group>"; };
		CEC680562663A15D007CB0E3 /* matrix.cpp */ = {isa = PBXFileReference; fileEncoding = 4; lastKnownFileType = sourcecode.cpp.cpp; path = matrix.cpp; sourceTree = "<group>"; };
		CEC680582663A15D007CB0E3 /* stair.cpp */ = {isa = PBXFileReference; fileEncoding = 4; lastKnownFileType = sourcecode.cpp.cpp; path = stair.cpp; sourceTree = "<group>"; };
		CEC6805A2663A15D007CB0E3 /* fillbox.cpp */ = {isa = PBXFileReference; fileEncoding = 4; lastKnownFileType = sourcecode.cpp.cpp; path = fillbox.cpp; sourceTree = "<group>"; };
		CEC6805C2663A15D007CB0E3 /* assignment.cpp */ = {isa = PBXFileReference; fileEncoding = 4; lastKnownFileType = sourcecode.cpp.cpp; path = assignment.cpp; sourceTree = "<group>"; };
		CEC6805E2663A15D007CB0E3 /* theater2.cpp */ = {isa = PBXFileReference; fileEncoding = 4; lastKnownFileType = sourcecode.cpp.cpp; path = theater2.cpp; sourceTree = "<group>"; };
		CEC6805F2663A15D007CB0E3 /* theater.cpp */ = {isa = PBXFileReference; fileEncoding = 4; lastKnownFileType = sourcecode.cpp.cpp; path = theater.cpp; sourceTree = "<group>"; };
		CEC680612663A15D007CB0E3 /* 123sum_topdown.cpp */ = {isa = PBXFileReference; fileEncoding = 4; lastKnownFileType = sourcecode.cpp.cpp; path = 123sum_topdown.cpp; sourceTree = "<group>"; };
		CEC680622663A15D007CB0E3 /* 123sum_bottomup.cpp */ = {isa = PBXFileReference; fileEncoding = 4; lastKnownFileType = sourcecode.cpp.cpp; path = 123sum_bottomup.cpp; sourceTree = "<group>"; };
		CEC680632663A15D007CB0E3 /* 123sum_dp.cpp */ = {isa = PBXFileReference; fileEncoding = 4; lastKnownFileType = sourcecode.cpp.cpp; path = 123sum_dp.cpp; sourceTree = "<group>"; };
		CEC680652663A15D007CB0E3 /* tile_ws.cpp */ = {isa = PBXFileReference; fileEncoding = 4; lastKnownFileType = sourcecode.cpp.cpp; path = tile_ws.cpp; sourceTree = "<group>"; };
		CEC680662663A15D007CB0E3 /* tile.cpp */ = {isa = PBXFileReference; fileEncoding = 4; lastKnownFileType = sourcecode.cpp.cpp; path = tile.cpp; sourceTree = "<group>"; };
		CEC680682663A15D007CB0E3 /* fibonacci_2.cpp */ = {isa = PBXFileReference; fileEncoding = 4; lastKnownFileType = sourcecode.cpp.cpp; path = fibonacci_2.cpp; sourceTree = "<group>"; };
		CEC680692663A15D007CB0E3 /* fibonacci.cpp */ = {isa = PBXFileReference; fileEncoding = 4; lastKnownFileType = sourcecode.cpp.cpp; path = fibonacci.cpp; sourceTree = "<group>"; };
		CEC6806B2663A15D007CB0E3 /* queue.cpp */ = {isa = PBXFileReference; fileEncoding = 4; lastKnownFileType = sourcecode.cpp.cpp; path = queue.cpp; sourceTree = "<group>"; };
		CEC6806D2663A15E007CB0E3 /* resignation.cpp */ = {isa = PBXFileReference; fileEncoding = 4; lastKnownFileType = sourcecode.cpp.cpp; path = resignation.cpp; sourceTree = "<group>"; };
		CEC6806F2663A15E007CB0E3 /* keylogger.cpp */ = {isa = PBXFileReference; fileEncoding = 4; lastKnownFileType = sourcecode.cpp.cpp; path = keylogger.cpp; sourceTree = "<group>"; };
		CEC680712663A15E007CB0E3 /* samenum.cpp */ = {isa = PBXFileReference; fileEncoding = 4; lastKnownFileType = sourcecode.cpp.cpp; path = samenum.cpp; sourceTree = "<group>"; };
		CEC680732663A15E007CB0E3 /* trianglepath.cpp */ = {isa = PBXFileReference; fileEncoding = 4; lastKnownFileType = sourcecode.cpp.cpp; path = trianglepath.cpp; sourceTree = "<group>"; };
		CEC680752663A15E007CB0E3 /* roomnum.cpp */ = {isa = PBXFileReference; fileEncoding = 4; lastKnownFileType = sourcecode.cpp.cpp; path = roomnum.cpp; sourceTree = "<group>"; };
		CEC680772663A15E007CB0E3 /* fashion.cpp */ = {isa = PBXFileReference; fileEncoding = 4; lastKnownFileType = sourcecode.cpp.cpp; path = fashion.cpp; sourceTree = "<group>"; };
		CEC680792663A15E007CB0E3 /* card.cpp */ = {isa = PBXFileReference; fileEncoding = 4; lastKnownFileType = sourcecode.cpp.cpp; path = card.cpp; sourceTree = "<group>"; };
		CEC6807C2663A15E007CB0E3 /* carrot.cpp */ = {isa = PBXFileReference; fileEncoding = 4; lastKnownFileType = sourcecode.cpp.cpp; path = carrot.cpp; sourceTree = "<group>"; };
		CEC6807E2663A15E007CB0E3 /* wave_seq.cpp */ = {isa = PBXFileReference; fileEncoding = 4; lastKnownFileType = sourcecode.cpp.cpp; path = wave_seq.cpp; sourceTree = "<group>"; };
		CEC680802663A15E007CB0E3 /* rectangle2.cpp */ = {isa = PBXFileReference; fileEncoding = 4; lastKnownFileType = sourcecode.cpp.cpp; path = rectangle2.cpp; sourceTree = "<group>"; };
		CEC680812663A15E007CB0E3 /* rectangle.cpp */ = {isa = PBXFileReference; fileEncoding = 4; lastKnownFileType = sourcecode.cpp.cpp; path = rectangle.cpp; sourceTree = "<group>"; };
		CEC680832663A15E007CB0E3 /* boardcover.cpp */ = {isa = PBXFileReference; fileEncoding = 4; lastKnownFileType = sourcecode.cpp.cpp; path = boardcover.cpp; sourceTree = "<group>"; };
		CEC680842663A15E007CB0E3 /* boardcover_rv.cpp */ = {isa = PBXFileReference; fileEncoding = 4; lastKnownFileType = sourcecode.cpp.cpp; path = boardcover_rv.cpp; sourceTree = "<group>"; };
		CEC680852663A15E007CB0E3 /* boardcover_hj.cpp */ = {isa = PBXFileReference; fileEncoding = 4; lastKnownFileType = sourcecode.cpp.cpp; path = boardcover_hj.cpp; sourceTree = "<group>"; };
		CEC680862663A15E007CB0E3 /* boardcover_rv2.cpp */ = {isa = PBXFileReference; fileEncoding = 4; lastKnownFileType = sourcecode.cpp.cpp; path = boardcover_rv2.cpp; sourceTree = "<group>"; };
		CEC680882663A15E007CB0E3 /* fibonacci.cpp */ = {isa = PBXFileReference; fileEncoding = 4; lastKnownFileType = sourcecode.cpp.cpp; path = fibonacci.cpp; sourceTree = "<group>"; };
		CEC6808A2663A15E007CB0E3 /* combinationOf6.cpp */ = {isa = PBXFileReference; fileEncoding = 4; lastKnownFileType = sourcecode.cpp.cpp; path = combinationOf6.cpp; sourceTree = "<group>"; };
		CEC6808B2663A15E007CB0E3 /* combinationOf6ws.cpp */ = {isa = PBXFileReference; fileEncoding = 4; lastKnownFileType = sourcecode.cpp.cpp; path = combinationOf6ws.cpp; sourceTree = "<group>"; };
		CEC6808D2663A15F007CB0E3 /* uphill_ws.cpp */ = {isa = PBXFileReference; fileEncoding = 4; lastKnownFileType = sourcecode.cpp.cpp; path = uphill_ws.cpp; sourceTree = "<group>"; };
		CEC6808E2663A15F007CB0E3 /* uphill.cpp */ = {isa = PBXFileReference; fileEncoding = 4; lastKnownFileType = sourcecode.cpp.cpp; path = uphill.cpp; sourceTree = "<group>"; };
		CEC680902663A15F007CB0E3 /* binary.cpp */ = {isa = PBXFileReference; fileEncoding = 4; lastKnownFileType = sourcecode.cpp.cpp; path = binary.cpp; sourceTree = "<group>"; };
		CEC680912663A15F007CB0E3 /* 10829.cpp */ = {isa = PBXFileReference; fileEncoding = 4; lastKnownFileType = sourcecode.cpp.cpp; path = 10829.cpp; sourceTree = "<group>"; };
		CEC680922663A15F007CB0E3 /* binary_ws2.cpp */ = {isa = PBXFileReference; fileEncoding = 4; lastKnownFileType = sourcecode.cpp.cpp; path = binary_ws2.cpp; sourceTree = "<group>"; };
		CEC680932663A15F007CB0E3 /* binary_ws.cpp */ = {isa = PBXFileReference; fileEncoding = 4; lastKnownFileType = sourcecode.cpp.cpp; path = binary_ws.cpp; sourceTree = "<group>"; };
		CEC680952663A15F007CB0E3 /* cantorset.cpp */ = {isa = PBXFileReference; fileEncoding = 4; lastKnownFileType = sourcecode.cpp.cpp; path = cantorset.cpp; sourceTree = "<group>"; };
		CEC680962663A15F007CB0E3 /* cantorset2.cpp */ = {isa = PBXFileReference; fileEncoding = 4; lastKnownFileType = sourcecode.cpp.cpp; path = cantorset2.cpp; sourceTree = "<group>"; };
		CEC680982663A15F007CB0E3 /* guitar.cpp */ = {isa = PBXFileReference; fileEncoding = 4; lastKnownFileType = sourcecode.cpp.cpp; path = guitar.cpp; sourceTree = "<group>"; };
		CEC680992663A15F007CB0E3 /* guitar_ws.cpp */ = {isa = PBXFileReference; fileEncoding = 4; lastKnownFileType = sourcecode.cpp.cpp; path = guitar_ws.cpp; sourceTree = "<group>"; };
		CEC6809B2663A15F007CB0E3 /* clocksync_book.cpp */ = {isa = PBXFileReference; fileEncoding = 4; lastKnownFileType = sourcecode.cpp.cpp; path = clocksync_book.cpp; sourceTree = "<group>"; };
		CEC6809C2663A15F007CB0E3 /* clocksync.cpp */ = {isa = PBXFileReference; fileEncoding = 4; lastKnownFileType = sourcecode.cpp.cpp; path = clocksync.cpp; sourceTree = "<group>"; };
		CEC6809D2663A15F007CB0E3 /* clocksync_rv.cpp */ = {isa = PBXFileReference; fileEncoding = 4; lastKnownFileType = sourcecode.cpp.cpp; path = clocksync_rv.cpp; sourceTree = "<group>"; };
		CEC6809E2663A15F007CB0E3 /* clocksync_rv2.cpp */ = {isa = PBXFileReference; fileEncoding = 4; lastKnownFileType = sourcecode.cpp.cpp; path = clocksync_rv2.cpp; sourceTree = "<group>"; };
		CEC680A02663A15F007CB0E3 /* jumpgame.cpp */ = {isa = PBXFileReference; fileEncoding = 4; lastKnownFileType = sourcecode.cpp.cpp; path = jumpgame.cpp; sourceTree = "<group>"; };
		CEC680A22663A15F007CB0E3 /* memset_arr.cpp */ = {isa = PBXFileReference; fileEncoding = 4; lastKnownFileType = sourcecode.cpp.cpp; path = memset_arr.cpp; sourceTree = "<group>"; };
		CEC680A32663A15F007CB0E3 /* memset_arr.hpp */ = {isa = PBXFileReference; fileEncoding = 4; lastKnownFileType = sourcecode.cpp.h; path = memset_arr.hpp; sourceTree = "<group>"; };
		CEC680A42663A15F007CB0E3 /* memset_struct.cpp */ = {isa = PBXFileReference; fileEncoding = 4; lastKnownFileType = sourcecode.cpp.cpp; path = memset_struct.cpp; sourceTree = "<group>"; };
		CEC680A52663A15F007CB0E3 /* memsettest.cpp */ = {isa = PBXFileReference; fileEncoding = 4; lastKnownFileType = sourcecode.cpp.cpp; path = memsettest.cpp; sourceTree = "<group>"; };
		CEC680A62663A15F007CB0E3 /* arr_size.cpp */ = {isa = PBXFileReference; fileEncoding = 4; lastKnownFileType = sourcecode.cpp.cpp; path = arr_size.cpp; sourceTree = "<group>"; };
		CEC680A82663A15F007CB0E3 /* palindrome.cpp */ = {isa = PBXFileReference; fileEncoding = 4; lastKnownFileType = sourcecode.cpp.cpp; path = palindrome.cpp; sourceTree = "<group>"; };
		CEC680AA2663A15F007CB0E3 /* queue.cpp */ = {isa = PBXFileReference; fileEncoding = 4; lastKnownFileType = sourcecode.cpp.cpp; path = queue.cpp; sourceTree = "<group>"; };
		CEC680AC2663A160007CB0E3 /* lis.cpp */ = {isa = PBXFileReference; fileEncoding = 4; lastKnownFileType = sourcecode.cpp.cpp; path = lis.cpp; sourceTree = "<group>"; };
/* End PBXFileReference section */

/* Begin PBXFrameworksBuildPhase section */
		CEC67ED62663A062007CB0E3 /* Frameworks */ = {
			isa = PBXFrameworksBuildPhase;
			buildActionMask = 2147483647;
			files = (
			);
			runOnlyForDeploymentPostprocessing = 0;
		};
/* End PBXFrameworksBuildPhase section */

/* Begin PBXGroup section */
		CE00F6E1266DC2DF00609EEA /* sushi */ = {
			isa = PBXGroup;
			children = (
				CE00F6E2266DC2F000609EEA /* sushi.cpp */,
			);
			path = sushi;
			sourceTree = "<group>";
		};
		CE2641EE26646FF7001E2A7C /* budget */ = {
			isa = PBXGroup;
			children = (
				CE2641EF26647006001E2A7C /* budget.cpp */,
			);
			path = budget;
			sourceTree = "<group>";
		};
		CE2641F62664C4D8001E2A7C /* library */ = {
			isa = PBXGroup;
			children = (
				CE2641F72664C4E5001E2A7C /* library.cpp */,
			);
			path = library;
			sourceTree = "<group>";
		};
		CE2641FC2666267A001E2A7C /* lecroom */ = {
			isa = PBXGroup;
			children = (
				CE2641FD26662687001E2A7C /* lecroom.cpp */,
			);
			path = lecroom;
			sourceTree = "<group>";
		};
		CE7558812663A3A700496288 /* palindrome2 */ = {
			isa = PBXGroup;
			children = (
				CE7558822663A3BD00496288 /* palidrome2.cpp */,
			);
			path = palindrome2;
			sourceTree = "<group>";
		};
		CE7558872663A46200496288 /* twobox */ = {
			isa = PBXGroup;
			children = (
				CE7558882663A47000496288 /* twobox.cpp */,
			);
			path = twobox;
			sourceTree = "<group>";
		};
		CE75588C2663A48600496288 /* line */ = {
			isa = PBXGroup;
			children = (
				CE75588D2663A48F00496288 /* line.cpp */,
			);
			path = line;
			sourceTree = "<group>";
		};
		CE7558912663A4B000496288 /* symmetricdiff */ = {
			isa = PBXGroup;
			children = (
				CE7558922663A4C100496288 /* set.cpp */,
				CE7558982663A4EC00496288 /* unordered_set.cpp */,
				CE75589B2663A50300496288 /* unordered_set_reserve.cpp */,
				CE75589E2663A51800496288 /* vector_bs.cpp */,
				CE7558A12663A52C00496288 /* array_bs.cpp */,
			);
			path = symmetricdiff;
			sourceTree = "<group>";
		};
		CE7558A5266898EE00496288 /* beerfest */ = {
			isa = PBXGroup;
			children = (
				CE7558A6266898FC00496288 /* beerfestival.cpp */,
			);
			path = beerfest;
			sourceTree = "<group>";
		};
		CE7558AC2668B23000496288 /* balloonfactory */ = {
			isa = PBXGroup;
			children = (
				CE7558AD2668B24700496288 /* balloonfactory.cpp */,
			);
			path = balloonfactory;
			sourceTree = "<group>";
		};
		CE7558B126690B6B00496288 /* duparr */ = {
			isa = PBXGroup;
			children = (
				CE7558B226690BA000496288 /* duparray.cpp */,
			);
			path = duparr;
			sourceTree = "<group>";
		};
		CE7558B7266913A300496288 /* numcard */ = {
			isa = PBXGroup;
			children = (
				CE7558B8266913C300496288 /* numcard.cpp */,
			);
			path = numcard;
			sourceTree = "<group>";
		};
		CE7A9AAA266B8A7600166711 /* jewelbox */ = {
			isa = PBXGroup;
			children = (
				CE7A9AAB266B8A8700166711 /* jewelbox.cpp */,
			);
			path = jewelbox;
			sourceTree = "<group>";
		};
		CEC67ED02663A062007CB0E3 = {
			isa = PBXGroup;
			children = (
				CEC67EDB2663A062007CB0E3 /* algorithm */,
				CEC67EDA2663A062007CB0E3 /* Products */,
			);
			sourceTree = "<group>";
		};
		CEC67EDA2663A062007CB0E3 /* Products */ = {
			isa = PBXGroup;
			children = (
				CEC67ED92663A062007CB0E3 /* algorithm */,
			);
			name = Products;
			sourceTree = "<group>";
		};
		CEC67EDB2663A062007CB0E3 /* algorithm */ = {
			isa = PBXGroup;
			children = (
				CE00F6E1266DC2DF00609EEA /* sushi */,
				CE7A9AAA266B8A7600166711 /* jewelbox */,
				CE7558B7266913A300496288 /* numcard */,
				CE7558B126690B6B00496288 /* duparr */,
				CE7558AC2668B23000496288 /* balloonfactory */,
				CE7558A5266898EE00496288 /* beerfest */,
				CE2641FC2666267A001E2A7C /* lecroom */,
				CE2641F62664C4D8001E2A7C /* library */,
				CE2641EE26646FF7001E2A7C /* budget */,
				CE7558912663A4B000496288 /* symmetricdiff */,
				CE75588C2663A48600496288 /* line */,
				CE7558872663A46200496288 /* twobox */,
				CE7558812663A3A700496288 /* palindrome2 */,
				CEC680602663A15D007CB0E3 /* 123sum */,
				CEC680112663A15B007CB0E3 /* antenna */,
				CEC6805B2663A15D007CB0E3 /* assignment */,
				CEC6808F2663A15F007CB0E3 /* binary */,
				CEC680822663A15E007CB0E3 /* boardcover */,
				CEC6800D2663A15B007CB0E3 /* book */,
				CEC680512663A15D007CB0E3 /* bridge */,
				CEC680222663A15B007CB0E3 /* busroute */,
				CEC680942663A15F007CB0E3 /* cantorset */,
				CEC680782663A15E007CB0E3 /* card */,
				CEC6800F2663A15B007CB0E3 /* card2 */,
				CEC680452663A15C007CB0E3 /* cardunion */,
				CEC6807B2663A15E007CB0E3 /* carrot */,
				CEC680272663A15B007CB0E3 /* change */,
				CEC6809A2663A15F007CB0E3 /* clocksync */,
				CEC680892663A15E007CB0E3 /* comb */,
				CEC680052663A15A007CB0E3 /* ct */,
				CEC6803C2663A15C007CB0E3 /* dwarf */,
				CEC680762663A15E007CB0E3 /* fashion */,
				CEC680672663A15D007CB0E3 /* fibonacci */,
				CEC680872663A15E007CB0E3 /* fibonacci5 */,
				CEC680592663A15D007CB0E3 /* fillbox */,
				CEC680242663A15B007CB0E3 /* filloil */,
				CEC680972663A15F007CB0E3 /* guitar */,
				CEC6802F2663A15C007CB0E3 /* hanoi */,
				CEC680072663A15B007CB0E3 /* heap */,
				CEC680182663A15B007CB0E3 /* joinlis */,
				CEC6809F2663A15F007CB0E3 /* jumpgame */,
				CEC6806E2663A15E007CB0E3 /* keylogger */,
				CEC6802B2663A15C007CB0E3 /* kmp */,
				CEC680AB2663A160007CB0E3 /* longestIncSeq */,
				CEC680542663A15D007CB0E3 /* matrix */,
				CEC680012663A15A007CB0E3 /* maxdiff */,
				CEC6802D2663A15C007CB0E3 /* memoryking */,
				CEC680A12663A15F007CB0E3 /* memsettest */,
				CEC680292663A15B007CB0E3 /* moogame */,
				CEC680A72663A15F007CB0E3 /* palindrome */,
				CEC6803A2663A15C007CB0E3 /* papercount */,
				CEC680322663A15C007CB0E3 /* picnic */,
				CEC680152663A15B007CB0E3 /* quadtree */,
				CEC6806A2663A15D007CB0E3 /* queue */,
				CEC680A92663A15F007CB0E3 /* queue2 */,
				CEC6807F2663A15E007CB0E3 /* rectangle */,
				CEC6806C2663A15E007CB0E3 /* resignation */,
				CEC680202663A15B007CB0E3 /* rich */,
				CEC6804F2663A15D007CB0E3 /* rich2 */,
				CEC680742663A15E007CB0E3 /* roomnum */,
				CEC680702663A15E007CB0E3 /* samenum */,
				CEC680372663A15C007CB0E3 /* serialnum */,
				CEC680132663A15B007CB0E3 /* spica */,
				CEC680572663A15D007CB0E3 /* stair */,
				CEC680432663A15C007CB0E3 /* star18 */,
				CEC6800A2663A15B007CB0E3 /* stoneBridge */,
				CEC6801A2663A15B007CB0E3 /* submarine */,
				CEC6805D2663A15D007CB0E3 /* theater */,
				CEC680642663A15D007CB0E3 /* tile */,
				CEC680412663A15C007CB0E3 /* triangle */,
				CEC680722663A15E007CB0E3 /* trianglepath */,
				CEC6808C2663A15F007CB0E3 /* uphill */,
				CEC67FFF2663A15A007CB0E3 /* virus */,
				CEC6807D2663A15E007CB0E3 /* wave_seq */,
				CEC680482663A15C007CB0E3 /* wildcard */,
				CEC6801C2663A15B007CB0E3 /* wine */,
				CEC6803F2663A15C007CB0E3 /* zero */,
				CEC6804B2663A15C007CB0E3 /* zoo */,
			);
			path = algorithm;
			sourceTree = "<group>";
		};
		CEC67FFF2663A15A007CB0E3 /* virus */ = {
			isa = PBXGroup;
			children = (
				CEC680002663A15A007CB0E3 /* virus.cpp */,
			);
			path = virus;
			sourceTree = "<group>";
		};
		CEC680012663A15A007CB0E3 /* maxdiff */ = {
			isa = PBXGroup;
			children = (
				CEC680022663A15A007CB0E3 /* maxdiff_ws.cpp */,
				CEC680032663A15A007CB0E3 /* maxdiff.cpp */,
				CEC680042663A15A007CB0E3 /* maxdiff_test.cpp */,
			);
			path = maxdiff;
			sourceTree = "<group>";
		};
		CEC680052663A15A007CB0E3 /* ct */ = {
			isa = PBXGroup;
			children = (
				CEC680062663A15A007CB0E3 /* ct1.cpp */,
			);
			path = ct;
			sourceTree = "<group>";
		};
		CEC680072663A15B007CB0E3 /* heap */ = {
			isa = PBXGroup;
			children = (
				CEC680082663A15B007CB0E3 /* pq_ws.cpp */,
				CEC680092663A15B007CB0E3 /* pq_minheap.cpp */,
			);
			path = heap;
			sourceTree = "<group>";
		};
		CEC6800A2663A15B007CB0E3 /* stoneBridge */ = {
			isa = PBXGroup;
			children = (
				CEC6800B2663A15B007CB0E3 /* stoneBridge.cpp */,
			);
			path = stoneBridge;
			sourceTree = "<group>";
		};
		CEC6800D2663A15B007CB0E3 /* book */ = {
			isa = PBXGroup;
			children = (
				CEC6800E2663A15B007CB0E3 /* book.cpp */,
			);
			path = book;
			sourceTree = "<group>";
		};
		CEC6800F2663A15B007CB0E3 /* card2 */ = {
			isa = PBXGroup;
			children = (
				CEC680102663A15B007CB0E3 /* card2.cpp */,
			);
			path = card2;
			sourceTree = "<group>";
		};
		CEC680112663A15B007CB0E3 /* antenna */ = {
			isa = PBXGroup;
			children = (
				CEC680122663A15B007CB0E3 /* antenna.cpp */,
			);
			path = antenna;
			sourceTree = "<group>";
		};
		CEC680132663A15B007CB0E3 /* spica */ = {
			isa = PBXGroup;
			children = (
				CEC680142663A15B007CB0E3 /* spica.cpp */,
			);
			path = spica;
			sourceTree = "<group>";
		};
		CEC680152663A15B007CB0E3 /* quadtree */ = {
			isa = PBXGroup;
			children = (
				CEC680162663A15B007CB0E3 /* quadtree2.cpp */,
				CEC680172663A15B007CB0E3 /* quadtree.cpp */,
			);
			path = quadtree;
			sourceTree = "<group>";
		};
		CEC680182663A15B007CB0E3 /* joinlis */ = {
			isa = PBXGroup;
			children = (
				CEC680192663A15B007CB0E3 /* jlis.cpp */,
			);
			path = joinlis;
			sourceTree = "<group>";
		};
		CEC6801A2663A15B007CB0E3 /* submarine */ = {
			isa = PBXGroup;
			children = (
				CEC6801B2663A15B007CB0E3 /* submarine.cpp */,
			);
			path = submarine;
			sourceTree = "<group>";
		};
		CEC6801C2663A15B007CB0E3 /* wine */ = {
			isa = PBXGroup;
			children = (
				CEC6801D2663A15B007CB0E3 /* wine_ws.cpp */,
				CEC6801E2663A15B007CB0E3 /* wine_comp.cpp */,
				CEC6801F2663A15B007CB0E3 /* wine.cpp */,
			);
			path = wine;
			sourceTree = "<group>";
		};
		CEC680202663A15B007CB0E3 /* rich */ = {
			isa = PBXGroup;
			children = (
				CEC680212663A15B007CB0E3 /* rich2.cpp */,
			);
			path = rich;
			sourceTree = "<group>";
		};
		CEC680222663A15B007CB0E3 /* busroute */ = {
			isa = PBXGroup;
			children = (
				CEC680232663A15B007CB0E3 /* busroute.cpp */,
			);
			path = busroute;
			sourceTree = "<group>";
		};
		CEC680242663A15B007CB0E3 /* filloil */ = {
			isa = PBXGroup;
			children = (
				CEC680252663A15B007CB0E3 /* filloil.cpp */,
				CEC680262663A15B007CB0E3 /* filloil_ref.cpp */,
			);
			path = filloil;
			sourceTree = "<group>";
		};
		CEC680272663A15B007CB0E3 /* change */ = {
			isa = PBXGroup;
			children = (
				CEC680282663A15B007CB0E3 /* change.cpp */,
			);
			path = change;
			sourceTree = "<group>";
		};
		CEC680292663A15B007CB0E3 /* moogame */ = {
			isa = PBXGroup;
			children = (
				CEC6802A2663A15B007CB0E3 /* moogame.cpp */,
			);
			path = moogame;
			sourceTree = "<group>";
		};
		CEC6802B2663A15C007CB0E3 /* kmp */ = {
			isa = PBXGroup;
			children = (
				CEC6802C2663A15C007CB0E3 /* kmp.cpp */,
			);
			path = kmp;
			sourceTree = "<group>";
		};
		CEC6802D2663A15C007CB0E3 /* memoryking */ = {
			isa = PBXGroup;
			children = (
				CEC6802E2663A15C007CB0E3 /* memoryking.cpp */,
			);
			path = memoryking;
			sourceTree = "<group>";
		};
		CEC6802F2663A15C007CB0E3 /* hanoi */ = {
			isa = PBXGroup;
			children = (
				CEC680302663A15C007CB0E3 /* hanoi.cpp */,
				CEC680312663A15C007CB0E3 /* hanoi_rv.cpp */,
			);
			path = hanoi;
			sourceTree = "<group>";
		};
		CEC680322663A15C007CB0E3 /* picnic */ = {
			isa = PBXGroup;
			children = (
				CEC680332663A15C007CB0E3 /* picnic.cpp */,
				CEC680342663A15C007CB0E3 /* picnic_rv.cpp */,
				CEC680352663A15C007CB0E3 /* picnic3.cpp */,
				CEC680362663A15C007CB0E3 /* picnic2.cpp */,
			);
			path = picnic;
			sourceTree = "<group>";
		};
		CEC680372663A15C007CB0E3 /* serialnum */ = {
			isa = PBXGroup;
			children = (
				CEC680382663A15C007CB0E3 /* serialnum.cpp */,
				CEC680392663A15C007CB0E3 /* serialnum_ws.cpp */,
			);
			path = serialnum;
			sourceTree = "<group>";
		};
		CEC6803A2663A15C007CB0E3 /* papercount */ = {
			isa = PBXGroup;
			children = (
				CEC6803B2663A15C007CB0E3 /* papercount.cpp */,
			);
			path = papercount;
			sourceTree = "<group>";
		};
		CEC6803C2663A15C007CB0E3 /* dwarf */ = {
			isa = PBXGroup;
			children = (
				CEC6803D2663A15C007CB0E3 /* dwarf_ws.cpp */,
				CEC6803E2663A15C007CB0E3 /* dwarf.cpp */,
			);
			path = dwarf;
			sourceTree = "<group>";
		};
		CEC6803F2663A15C007CB0E3 /* zero */ = {
			isa = PBXGroup;
			children = (
				CEC680402663A15C007CB0E3 /* zero.cpp */,
			);
			path = zero;
			sourceTree = "<group>";
		};
		CEC680412663A15C007CB0E3 /* triangle */ = {
			isa = PBXGroup;
			children = (
				CEC680422663A15C007CB0E3 /* triangle.cpp */,
			);
			path = triangle;
			sourceTree = "<group>";
		};
		CEC680432663A15C007CB0E3 /* star18 */ = {
			isa = PBXGroup;
			children = (
				CEC680442663A15C007CB0E3 /* star18.cpp */,
			);
			path = star18;
			sourceTree = "<group>";
		};
		CEC680452663A15C007CB0E3 /* cardunion */ = {
			isa = PBXGroup;
			children = (
				CEC680462663A15C007CB0E3 /* cardunion.cpp */,
			);
			path = cardunion;
			sourceTree = "<group>";
		};
		CEC680482663A15C007CB0E3 /* wildcard */ = {
			isa = PBXGroup;
			children = (
				CEC680492663A15C007CB0E3 /* wildcard.cpp */,
				CEC6804A2663A15C007CB0E3 /* wildcard_dp.cpp */,
			);
			path = wildcard;
			sourceTree = "<group>";
		};
		CEC6804B2663A15C007CB0E3 /* zoo */ = {
			isa = PBXGroup;
			children = (
				CEC6804C2663A15C007CB0E3 /* zoo_ws.cpp */,
				CEC6804D2663A15C007CB0E3 /* zoo.cpp */,
			);
			path = zoo;
			sourceTree = "<group>";
		};
		CEC6804F2663A15D007CB0E3 /* rich2 */ = {
			isa = PBXGroup;
			children = (
				CEC680502663A15D007CB0E3 /* rich2.cpp */,
			);
			path = rich2;
			sourceTree = "<group>";
		};
		CEC680512663A15D007CB0E3 /* bridge */ = {
			isa = PBXGroup;
			children = (
				CEC680522663A15D007CB0E3 /* bridge_com.cpp */,
				CEC680532663A15D007CB0E3 /* bridge.cpp */,
			);
			path = bridge;
			sourceTree = "<group>";
		};
		CEC680542663A15D007CB0E3 /* matrix */ = {
			isa = PBXGroup;
			children = (
				CEC680552663A15D007CB0E3 /* matrix2.cpp */,
				CEC680562663A15D007CB0E3 /* matrix.cpp */,
			);
			path = matrix;
			sourceTree = "<group>";
		};
		CEC680572663A15D007CB0E3 /* stair */ = {
			isa = PBXGroup;
			children = (
				CEC680582663A15D007CB0E3 /* stair.cpp */,
			);
			path = stair;
			sourceTree = "<group>";
		};
		CEC680592663A15D007CB0E3 /* fillbox */ = {
			isa = PBXGroup;
			children = (
				CEC6805A2663A15D007CB0E3 /* fillbox.cpp */,
			);
			path = fillbox;
			sourceTree = "<group>";
		};
		CEC6805B2663A15D007CB0E3 /* assignment */ = {
			isa = PBXGroup;
			children = (
				CEC6805C2663A15D007CB0E3 /* assignment.cpp */,
			);
			path = assignment;
			sourceTree = "<group>";
		};
		CEC6805D2663A15D007CB0E3 /* theater */ = {
			isa = PBXGroup;
			children = (
				CEC6805E2663A15D007CB0E3 /* theater2.cpp */,
				CEC6805F2663A15D007CB0E3 /* theater.cpp */,
			);
			path = theater;
			sourceTree = "<group>";
		};
		CEC680602663A15D007CB0E3 /* 123sum */ = {
			isa = PBXGroup;
			children = (
				CEC680612663A15D007CB0E3 /* 123sum_topdown.cpp */,
				CEC680622663A15D007CB0E3 /* 123sum_bottomup.cpp */,
				CEC680632663A15D007CB0E3 /* 123sum_dp.cpp */,
			);
			path = 123sum;
			sourceTree = "<group>";
		};
		CEC680642663A15D007CB0E3 /* tile */ = {
			isa = PBXGroup;
			children = (
				CEC680652663A15D007CB0E3 /* tile_ws.cpp */,
				CEC680662663A15D007CB0E3 /* tile.cpp */,
			);
			path = tile;
			sourceTree = "<group>";
		};
		CEC680672663A15D007CB0E3 /* fibonacci */ = {
			isa = PBXGroup;
			children = (
				CEC680682663A15D007CB0E3 /* fibonacci_2.cpp */,
				CEC680692663A15D007CB0E3 /* fibonacci.cpp */,
			);
			path = fibonacci;
			sourceTree = "<group>";
		};
		CEC6806A2663A15D007CB0E3 /* queue */ = {
			isa = PBXGroup;
			children = (
				CEC6806B2663A15D007CB0E3 /* queue.cpp */,
			);
			path = queue;
			sourceTree = "<group>";
		};
		CEC6806C2663A15E007CB0E3 /* resignation */ = {
			isa = PBXGroup;
			children = (
				CEC6806D2663A15E007CB0E3 /* resignation.cpp */,
			);
			path = resignation;
			sourceTree = "<group>";
		};
		CEC6806E2663A15E007CB0E3 /* keylogger */ = {
			isa = PBXGroup;
			children = (
				CEC6806F2663A15E007CB0E3 /* keylogger.cpp */,
			);
			path = keylogger;
			sourceTree = "<group>";
		};
		CEC680702663A15E007CB0E3 /* samenum */ = {
			isa = PBXGroup;
			children = (
				CEC680712663A15E007CB0E3 /* samenum.cpp */,
			);
			path = samenum;
			sourceTree = "<group>";
		};
		CEC680722663A15E007CB0E3 /* trianglepath */ = {
			isa = PBXGroup;
			children = (
				CEC680732663A15E007CB0E3 /* trianglepath.cpp */,
			);
			path = trianglepath;
			sourceTree = "<group>";
		};
		CEC680742663A15E007CB0E3 /* roomnum */ = {
			isa = PBXGroup;
			children = (
				CEC680752663A15E007CB0E3 /* roomnum.cpp */,
			);
			path = roomnum;
			sourceTree = "<group>";
		};
		CEC680762663A15E007CB0E3 /* fashion */ = {
			isa = PBXGroup;
			children = (
				CEC680772663A15E007CB0E3 /* fashion.cpp */,
			);
			path = fashion;
			sourceTree = "<group>";
		};
		CEC680782663A15E007CB0E3 /* card */ = {
			isa = PBXGroup;
			children = (
				CEC680792663A15E007CB0E3 /* card.cpp */,
			);
			path = card;
			sourceTree = "<group>";
		};
		CEC6807B2663A15E007CB0E3 /* carrot */ = {
			isa = PBXGroup;
			children = (
				CEC6807C2663A15E007CB0E3 /* carrot.cpp */,
			);
			path = carrot;
			sourceTree = "<group>";
		};
		CEC6807D2663A15E007CB0E3 /* wave_seq */ = {
			isa = PBXGroup;
			children = (
				CEC6807E2663A15E007CB0E3 /* wave_seq.cpp */,
			);
			path = wave_seq;
			sourceTree = "<group>";
		};
		CEC6807F2663A15E007CB0E3 /* rectangle */ = {
			isa = PBXGroup;
			children = (
				CEC680802663A15E007CB0E3 /* rectangle2.cpp */,
				CEC680812663A15E007CB0E3 /* rectangle.cpp */,
			);
			path = rectangle;
			sourceTree = "<group>";
		};
		CEC680822663A15E007CB0E3 /* boardcover */ = {
			isa = PBXGroup;
			children = (
				CEC680832663A15E007CB0E3 /* boardcover.cpp */,
				CEC680842663A15E007CB0E3 /* boardcover_rv.cpp */,
				CEC680852663A15E007CB0E3 /* boardcover_hj.cpp */,
				CEC680862663A15E007CB0E3 /* boardcover_rv2.cpp */,
			);
			path = boardcover;
			sourceTree = "<group>";
		};
		CEC680872663A15E007CB0E3 /* fibonacci5 */ = {
			isa = PBXGroup;
			children = (
				CEC680882663A15E007CB0E3 /* fibonacci.cpp */,
			);
			path = fibonacci5;
			sourceTree = "<group>";
		};
		CEC680892663A15E007CB0E3 /* comb */ = {
			isa = PBXGroup;
			children = (
				CEC6808A2663A15E007CB0E3 /* combinationOf6.cpp */,
				CEC6808B2663A15E007CB0E3 /* combinationOf6ws.cpp */,
			);
			path = comb;
			sourceTree = "<group>";
		};
		CEC6808C2663A15F007CB0E3 /* uphill */ = {
			isa = PBXGroup;
			children = (
				CEC6808D2663A15F007CB0E3 /* uphill_ws.cpp */,
				CEC6808E2663A15F007CB0E3 /* uphill.cpp */,
			);
			path = uphill;
			sourceTree = "<group>";
		};
		CEC6808F2663A15F007CB0E3 /* binary */ = {
			isa = PBXGroup;
			children = (
				CEC680902663A15F007CB0E3 /* binary.cpp */,
				CEC680912663A15F007CB0E3 /* 10829.cpp */,
				CEC680922663A15F007CB0E3 /* binary_ws2.cpp */,
				CEC680932663A15F007CB0E3 /* binary_ws.cpp */,
			);
			path = binary;
			sourceTree = "<group>";
		};
		CEC680942663A15F007CB0E3 /* cantorset */ = {
			isa = PBXGroup;
			children = (
				CEC680952663A15F007CB0E3 /* cantorset.cpp */,
				CEC680962663A15F007CB0E3 /* cantorset2.cpp */,
			);
			path = cantorset;
			sourceTree = "<group>";
		};
		CEC680972663A15F007CB0E3 /* guitar */ = {
			isa = PBXGroup;
			children = (
				CEC680982663A15F007CB0E3 /* guitar.cpp */,
				CEC680992663A15F007CB0E3 /* guitar_ws.cpp */,
			);
			path = guitar;
			sourceTree = "<group>";
		};
		CEC6809A2663A15F007CB0E3 /* clocksync */ = {
			isa = PBXGroup;
			children = (
				CEC6809B2663A15F007CB0E3 /* clocksync_book.cpp */,
				CEC6809C2663A15F007CB0E3 /* clocksync.cpp */,
				CEC6809D2663A15F007CB0E3 /* clocksync_rv.cpp */,
				CEC6809E2663A15F007CB0E3 /* clocksync_rv2.cpp */,
			);
			path = clocksync;
			sourceTree = "<group>";
		};
		CEC6809F2663A15F007CB0E3 /* jumpgame */ = {
			isa = PBXGroup;
			children = (
				CEC680A02663A15F007CB0E3 /* jumpgame.cpp */,
			);
			path = jumpgame;
			sourceTree = "<group>";
		};
		CEC680A12663A15F007CB0E3 /* memsettest */ = {
			isa = PBXGroup;
			children = (
				CEC680A22663A15F007CB0E3 /* memset_arr.cpp */,
				CEC680A32663A15F007CB0E3 /* memset_arr.hpp */,
				CEC680A42663A15F007CB0E3 /* memset_struct.cpp */,
				CEC680A52663A15F007CB0E3 /* memsettest.cpp */,
				CEC680A62663A15F007CB0E3 /* arr_size.cpp */,
			);
			path = memsettest;
			sourceTree = "<group>";
		};
		CEC680A72663A15F007CB0E3 /* palindrome */ = {
			isa = PBXGroup;
			children = (
				CEC680A82663A15F007CB0E3 /* palindrome.cpp */,
			);
			path = palindrome;
			sourceTree = "<group>";
		};
		CEC680A92663A15F007CB0E3 /* queue2 */ = {
			isa = PBXGroup;
			children = (
				CEC680AA2663A15F007CB0E3 /* queue.cpp */,
			);
			path = queue2;
			sourceTree = "<group>";
		};
		CEC680AB2663A160007CB0E3 /* longestIncSeq */ = {
			isa = PBXGroup;
			children = (
				CEC680AC2663A160007CB0E3 /* lis.cpp */,
			);
			path = longestIncSeq;
			sourceTree = "<group>";
		};
/* End PBXGroup section */

/* Begin PBXNativeTarget section */
		CEC67ED82663A062007CB0E3 /* algorithm */ = {
			isa = PBXNativeTarget;
			buildConfigurationList = CEC67EE02663A062007CB0E3 /* Build configuration list for PBXNativeTarget "algorithm" */;
			buildPhases = (
				CEC67ED52663A062007CB0E3 /* Sources */,
				CEC67ED62663A062007CB0E3 /* Frameworks */,
				CEC67ED72663A062007CB0E3 /* CopyFiles */,
			);
			buildRules = (
			);
			dependencies = (
			);
			name = algorithm;
			productName = algorithm;
			productReference = CEC67ED92663A062007CB0E3 /* algorithm */;
			productType = "com.apple.product-type.tool";
		};
/* End PBXNativeTarget section */

/* Begin PBXProject section */
		CEC67ED12663A062007CB0E3 /* Project object */ = {
			isa = PBXProject;
			attributes = {
				LastUpgradeCheck = 1240;
				TargetAttributes = {
					CEC67ED82663A062007CB0E3 = {
						CreatedOnToolsVersion = 12.4;
					};
				};
			};
			buildConfigurationList = CEC67ED42663A062007CB0E3 /* Build configuration list for PBXProject "algorithm" */;
			compatibilityVersion = "Xcode 9.3";
			developmentRegion = en;
			hasScannedForEncodings = 0;
			knownRegions = (
				en,
				Base,
			);
			mainGroup = CEC67ED02663A062007CB0E3;
			productRefGroup = CEC67EDA2663A062007CB0E3 /* Products */;
			projectDirPath = "";
			projectRoot = "";
			targets = (
				CEC67ED82663A062007CB0E3 /* algorithm */,
			);
		};
/* End PBXProject section */

/* Begin PBXSourcesBuildPhase section */
		CEC67ED52663A062007CB0E3 /* Sources */ = {
			isa = PBXSourcesBuildPhase;
			buildActionMask = 2147483647;
			files = (
				CE00F6E3266DC2F000609EEA /* sushi.cpp in Sources */,
			);
			runOnlyForDeploymentPostprocessing = 0;
		};
/* End PBXSourcesBuildPhase section */

/* Begin XCBuildConfiguration section */
		CEC67EDE2663A062007CB0E3 /* Debug */ = {
			isa = XCBuildConfiguration;
			buildSettings = {
				ALWAYS_SEARCH_USER_PATHS = NO;
				CLANG_ANALYZER_NONNULL = YES;
				CLANG_ANALYZER_NUMBER_OBJECT_CONVERSION = YES_AGGRESSIVE;
				CLANG_CXX_LANGUAGE_STANDARD = "gnu++14";
				CLANG_CXX_LIBRARY = "libc++";
				CLANG_ENABLE_MODULES = YES;
				CLANG_ENABLE_OBJC_ARC = YES;
				CLANG_ENABLE_OBJC_WEAK = YES;
				CLANG_WARN_BLOCK_CAPTURE_AUTORELEASING = YES;
				CLANG_WARN_BOOL_CONVERSION = YES;
				CLANG_WARN_COMMA = YES;
				CLANG_WARN_CONSTANT_CONVERSION = YES;
				CLANG_WARN_DEPRECATED_OBJC_IMPLEMENTATIONS = YES;
				CLANG_WARN_DIRECT_OBJC_ISA_USAGE = YES_ERROR;
				CLANG_WARN_DOCUMENTATION_COMMENTS = YES;
				CLANG_WARN_EMPTY_BODY = YES;
				CLANG_WARN_ENUM_CONVERSION = YES;
				CLANG_WARN_INFINITE_RECURSION = YES;
				CLANG_WARN_INT_CONVERSION = YES;
				CLANG_WARN_NON_LITERAL_NULL_CONVERSION = YES;
				CLANG_WARN_OBJC_IMPLICIT_RETAIN_SELF = YES;
				CLANG_WARN_OBJC_LITERAL_CONVERSION = YES;
				CLANG_WARN_OBJC_ROOT_CLASS = YES_ERROR;
				CLANG_WARN_QUOTED_INCLUDE_IN_FRAMEWORK_HEADER = YES;
				CLANG_WARN_RANGE_LOOP_ANALYSIS = YES;
				CLANG_WARN_STRICT_PROTOTYPES = YES;
				CLANG_WARN_SUSPICIOUS_MOVE = YES;
				CLANG_WARN_UNGUARDED_AVAILABILITY = YES_AGGRESSIVE;
				CLANG_WARN_UNREACHABLE_CODE = YES;
				CLANG_WARN__DUPLICATE_METHOD_MATCH = YES;
				COPY_PHASE_STRIP = NO;
				DEBUG_INFORMATION_FORMAT = dwarf;
				ENABLE_STRICT_OBJC_MSGSEND = YES;
				ENABLE_TESTABILITY = YES;
				GCC_C_LANGUAGE_STANDARD = gnu11;
				GCC_DYNAMIC_NO_PIC = NO;
				GCC_NO_COMMON_BLOCKS = YES;
				GCC_OPTIMIZATION_LEVEL = 0;
				GCC_PREPROCESSOR_DEFINITIONS = (
					"DEBUG=1",
					"$(inherited)",
				);
				GCC_WARN_64_TO_32_BIT_CONVERSION = YES;
				GCC_WARN_ABOUT_RETURN_TYPE = YES_ERROR;
				GCC_WARN_UNDECLARED_SELECTOR = YES;
				GCC_WARN_UNINITIALIZED_AUTOS = YES_AGGRESSIVE;
				GCC_WARN_UNUSED_FUNCTION = YES;
				GCC_WARN_UNUSED_VARIABLE = YES;
				MACOSX_DEPLOYMENT_TARGET = 11.1;
				MTL_ENABLE_DEBUG_INFO = INCLUDE_SOURCE;
				MTL_FAST_MATH = YES;
				ONLY_ACTIVE_ARCH = YES;
				SDKROOT = macosx;
			};
			name = Debug;
		};
		CEC67EDF2663A062007CB0E3 /* Release */ = {
			isa = XCBuildConfiguration;
			buildSettings = {
				ALWAYS_SEARCH_USER_PATHS = NO;
				CLANG_ANALYZER_NONNULL = YES;
				CLANG_ANALYZER_NUMBER_OBJECT_CONVERSION = YES_AGGRESSIVE;
				CLANG_CXX_LANGUAGE_STANDARD = "gnu++14";
				CLANG_CXX_LIBRARY = "libc++";
				CLANG_ENABLE_MODULES = YES;
				CLANG_ENABLE_OBJC_ARC = YES;
				CLANG_ENABLE_OBJC_WEAK = YES;
				CLANG_WARN_BLOCK_CAPTURE_AUTORELEASING = YES;
				CLANG_WARN_BOOL_CONVERSION = YES;
				CLANG_WARN_COMMA = YES;
				CLANG_WARN_CONSTANT_CONVERSION = YES;
				CLANG_WARN_DEPRECATED_OBJC_IMPLEMENTATIONS = YES;
				CLANG_WARN_DIRECT_OBJC_ISA_USAGE = YES_ERROR;
				CLANG_WARN_DOCUMENTATION_COMMENTS = YES;
				CLANG_WARN_EMPTY_BODY = YES;
				CLANG_WARN_ENUM_CONVERSION = YES;
				CLANG_WARN_INFINITE_RECURSION = YES;
				CLANG_WARN_INT_CONVERSION = YES;
				CLANG_WARN_NON_LITERAL_NULL_CONVERSION = YES;
				CLANG_WARN_OBJC_IMPLICIT_RETAIN_SELF = YES;
				CLANG_WARN_OBJC_LITERAL_CONVERSION = YES;
				CLANG_WARN_OBJC_ROOT_CLASS = YES_ERROR;
				CLANG_WARN_QUOTED_INCLUDE_IN_FRAMEWORK_HEADER = YES;
				CLANG_WARN_RANGE_LOOP_ANALYSIS = YES;
				CLANG_WARN_STRICT_PROTOTYPES = YES;
				CLANG_WARN_SUSPICIOUS_MOVE = YES;
				CLANG_WARN_UNGUARDED_AVAILABILITY = YES_AGGRESSIVE;
				CLANG_WARN_UNREACHABLE_CODE = YES;
				CLANG_WARN__DUPLICATE_METHOD_MATCH = YES;
				COPY_PHASE_STRIP = NO;
				DEBUG_INFORMATION_FORMAT = "dwarf-with-dsym";
				ENABLE_NS_ASSERTIONS = NO;
				ENABLE_STRICT_OBJC_MSGSEND = YES;
				GCC_C_LANGUAGE_STANDARD = gnu11;
				GCC_NO_COMMON_BLOCKS = YES;
				GCC_WARN_64_TO_32_BIT_CONVERSION = YES;
				GCC_WARN_ABOUT_RETURN_TYPE = YES_ERROR;
				GCC_WARN_UNDECLARED_SELECTOR = YES;
				GCC_WARN_UNINITIALIZED_AUTOS = YES_AGGRESSIVE;
				GCC_WARN_UNUSED_FUNCTION = YES;
				GCC_WARN_UNUSED_VARIABLE = YES;
				MACOSX_DEPLOYMENT_TARGET = 11.1;
				MTL_ENABLE_DEBUG_INFO = NO;
				MTL_FAST_MATH = YES;
				SDKROOT = macosx;
			};
			name = Release;
		};
		CEC67EE12663A062007CB0E3 /* Debug */ = {
			isa = XCBuildConfiguration;
			buildSettings = {
				CODE_SIGN_STYLE = Automatic;
				PRODUCT_NAME = "$(TARGET_NAME)";
			};
			name = Debug;
		};
		CEC67EE22663A062007CB0E3 /* Release */ = {
			isa = XCBuildConfiguration;
			buildSettings = {
				CODE_SIGN_STYLE = Automatic;
				PRODUCT_NAME = "$(TARGET_NAME)";
			};
			name = Release;
		};
/* End XCBuildConfiguration section */

/* Begin XCConfigurationList section */
		CEC67ED42663A062007CB0E3 /* Build configuration list for PBXProject "algorithm" */ = {
			isa = XCConfigurationList;
			buildConfigurations = (
				CEC67EDE2663A062007CB0E3 /* Debug */,
				CEC67EDF2663A062007CB0E3 /* Release */,
			);
			defaultConfigurationIsVisible = 0;
			defaultConfigurationName = Release;
		};
		CEC67EE02663A062007CB0E3 /* Build configuration list for PBXNativeTarget "algorithm" */ = {
			isa = XCConfigurationList;
			buildConfigurations = (
				CEC67EE12663A062007CB0E3 /* Debug */,
				CEC67EE22663A062007CB0E3 /* Release */,
			);
			defaultConfigurationIsVisible = 0;
			defaultConfigurationName = Release;
		};
/* End XCConfigurationList section */
	};
	rootObject = CEC67ED12663A062007CB0E3 /* Project object */;
}
